// !$*UTF8*$!
{
	archiveVersion = 1;
	classes = {
	};
	objectVersion = 46;
	objects = {

/* Begin PBXBuildFile section */
		E00BDDCD17FADBF200EB1A39 /* VirtualTree.cpp in Sources */ = {isa = PBXBuildFile; fileRef = E00BDDCB17FADBF200EB1A39 /* VirtualTree.cpp */; };
		E00EF2C817C153280032B058 /* SphereMesh.cpp in Sources */ = {isa = PBXBuildFile; fileRef = E00EF2C617C153270032B058 /* SphereMesh.cpp */; };
		E00EF2CB17C153650032B058 /* Sphere.cpp in Sources */ = {isa = PBXBuildFile; fileRef = E00EF2C917C153650032B058 /* Sphere.cpp */; };
		E01049AE17C3922700EF760D /* SpheresManager.cpp in Sources */ = {isa = PBXBuildFile; fileRef = E01049AC17C3922700EF760D /* SpheresManager.cpp */; };
		E01FF8B1182639EA007AF239 /* RiemannSceneGeodesic.cpp in Sources */ = {isa = PBXBuildFile; fileRef = E01FF8AF182639EA007AF239 /* RiemannSceneGeodesic.cpp */; };
		E01FF8B418263A5C007AF239 /* GeodesicSphere.cpp in Sources */ = {isa = PBXBuildFile; fileRef = E01FF8B218263A5C007AF239 /* GeodesicSphere.cpp */; };
		E01FF8BB1826BEC6007AF239 /* GeodesicNode.cpp in Sources */ = {isa = PBXBuildFile; fileRef = E01FF8B51826BEC6007AF239 /* GeodesicNode.cpp */; };
		E01FF8BC1826BEC6007AF239 /* GeodesicTree.cpp in Sources */ = {isa = PBXBuildFile; fileRef = E01FF8B71826BEC6007AF239 /* GeodesicTree.cpp */; };
		E01FF8BD1826BEC6007AF239 /* GeodesicTri.cpp in Sources */ = {isa = PBXBuildFile; fileRef = E01FF8B91826BEC6007AF239 /* GeodesicTri.cpp */; };
		E03832FD18324E6000C70CF3 /* RiemannButton.cpp in Sources */ = {isa = PBXBuildFile; fileRef = E03832F918324E6000C70CF3 /* RiemannButton.cpp */; };
		E03832FE18324E6000C70CF3 /* RiemannMenu.cpp in Sources */ = {isa = PBXBuildFile; fileRef = E03832FB18324E6000C70CF3 /* RiemannMenu.cpp */; };
		E03832FF1832C4BD00C70CF3 /* Image.cpp in Sources */ = {isa = PBXBuildFile; fileRef = E08918F617F96E460085A933 /* Image.cpp */; };
		E03B15E5184B83D100393081 /* RiemannDialog.cpp in Sources */ = {isa = PBXBuildFile; fileRef = E03B15E3184B83D100393081 /* RiemannDialog.cpp */; };
		E03B15E6184B841600393081 /* RiemannDialog.cpp in Sources */ = {isa = PBXBuildFile; fileRef = E03B15E3184B83D100393081 /* RiemannDialog.cpp */; };
		E04A6B0D180E746A00B5F2E2 /* DrawSymbols.cpp in Sources */ = {isa = PBXBuildFile; fileRef = E04A6B0B180E746A00B5F2E2 /* DrawSymbols.cpp */; };
		E04F6FE617BBBFB100041D45 /* Application.cpp in Sources */ = {isa = PBXBuildFile; fileRef = E04F6FC817BBBFB100041D45 /* Application.cpp */; };
		E04F6FE717BBBFB100041D45 /* CocoaApp.mm in Sources */ = {isa = PBXBuildFile; fileRef = E04F6FCA17BBBFB100041D45 /* CocoaApp.mm */; };
		E04F6FE817BBBFB100041D45 /* CocoaInput.mm in Sources */ = {isa = PBXBuildFile; fileRef = E04F6FCB17BBBFB100041D45 /* CocoaInput.mm */; };
		E04F6FE917BBBFB100041D45 /* CocoaScreen.mm in Sources */ = {isa = PBXBuildFile; fileRef = E04F6FCC17BBBFB100041D45 /* CocoaScreen.mm */; };
		E04F6FEA17BBBFB100041D45 /* Config.cpp in Sources */ = {isa = PBXBuildFile; fileRef = E04F6FCD17BBBFB100041D45 /* Config.cpp */; };
		E04F6FEB17BBBFB100041D45 /* Debug.cpp in Sources */ = {isa = PBXBuildFile; fileRef = E04F6FCE17BBBFB100041D45 /* Debug.cpp */; };
		E04F6FEC17BBBFB100041D45 /* EString.cpp in Sources */ = {isa = PBXBuildFile; fileRef = E04F6FCF17BBBFB100041D45 /* EString.cpp */; };
		E04F6FED17BBBFB100041D45 /* ETime.cpp in Sources */ = {isa = PBXBuildFile; fileRef = E04F6FD017BBBFB100041D45 /* ETime.cpp */; };
		E04F6FEE17BBBFB100041D45 /* Input.cpp in Sources */ = {isa = PBXBuildFile; fileRef = E04F6FD117BBBFB100041D45 /* Input.cpp */; };
		E04F6FF317BBBFB100041D45 /* Screen.cpp in Sources */ = {isa = PBXBuildFile; fileRef = E04F6FD717BBBFB100041D45 /* Screen.cpp */; };
		E04F700717BBC84C00041D45 /* Scene.cpp in Sources */ = {isa = PBXBuildFile; fileRef = E04F700317BBC84C00041D45 /* Scene.cpp */; };
		E04F700817BBC84C00041D45 /* State.cpp in Sources */ = {isa = PBXBuildFile; fileRef = E04F700417BBC84C00041D45 /* State.cpp */; };
		E04F700917BBC84C00041D45 /* Timer.cpp in Sources */ = {isa = PBXBuildFile; fileRef = E04F700517BBC84C00041D45 /* Timer.cpp */; };
		E04F700A17BBC84C00041D45 /* Utility.cpp in Sources */ = {isa = PBXBuildFile; fileRef = E04F700617BBC84C00041D45 /* Utility.cpp */; };
		E04F701017BBC94200041D45 /* Math3D_SSE2.cpp in Sources */ = {isa = PBXBuildFile; fileRef = E04F700D17BBC94200041D45 /* Math3D_SSE2.cpp */; };
		E04F701117BBC94200041D45 /* Math3D.cpp in Sources */ = {isa = PBXBuildFile; fileRef = E04F700F17BBC94200041D45 /* Math3D.cpp */; };
		E04F701317BBC99E00041D45 /* Cocoa.framework in Frameworks */ = {isa = PBXBuildFile; fileRef = E04F701217BBC99E00041D45 /* Cocoa.framework */; };
		E04F701517BBC9A600041D45 /* OpenGL.framework in Frameworks */ = {isa = PBXBuildFile; fileRef = E04F701417BBC9A600041D45 /* OpenGL.framework */; };
		E04F701B17BBD07700041D45 /* main.cpp in Sources */ = {isa = PBXBuildFile; fileRef = E04F701A17BBD07700041D45 /* main.cpp */; };
		E04F701E17BBD24000041D45 /* Memory.cpp in Sources */ = {isa = PBXBuildFile; fileRef = E04F701D17BBD24000041D45 /* Memory.cpp */; };
		E04F702117BC2FEB00041D45 /* Object.cpp in Sources */ = {isa = PBXBuildFile; fileRef = E04F702017BC2FEB00041D45 /* Object.cpp */; };
		E04F702417BC346400041D45 /* Camera.cpp in Sources */ = {isa = PBXBuildFile; fileRef = E04F702317BC346400041D45 /* Camera.cpp */; };
		E053C07117F1DFA300BDCE94 /* MutexPOSIX.cpp in Sources */ = {isa = PBXBuildFile; fileRef = E053C06F17F1DFA300BDCE94 /* MutexPOSIX.cpp */; };
		E053C07217F1DFA300BDCE94 /* ThreadPOSIX.cpp in Sources */ = {isa = PBXBuildFile; fileRef = E053C07017F1DFA300BDCE94 /* ThreadPOSIX.cpp */; };
		E053C07A17F1DFF300BDCE94 /* Polynomial.cpp in Sources */ = {isa = PBXBuildFile; fileRef = E053C07517F1DFF300BDCE94 /* Polynomial.cpp */; };
		E053C07B17F1DFF300BDCE94 /* PoolThread.cpp in Sources */ = {isa = PBXBuildFile; fileRef = E053C07717F1DFF300BDCE94 /* PoolThread.cpp */; };
		E053C07D17F1E01600BDCE94 /* Table.cpp in Sources */ = {isa = PBXBuildFile; fileRef = E053C07C17F1E01600BDCE94 /* Table.cpp */; };
		E087F8ED17F813E70093DF8B /* VirtualVBO.cpp in Sources */ = {isa = PBXBuildFile; fileRef = E087F8EB17F813E70093DF8B /* VirtualVBO.cpp */; };
		E089188B17F96C1F0085A933 /* BMFontLoader.cpp in Sources */ = {isa = PBXBuildFile; fileRef = E089188817F96C1F0085A933 /* BMFontLoader.cpp */; };
		E089188C17F96C1F0085A933 /* Font.cpp in Sources */ = {isa = PBXBuildFile; fileRef = E089188917F96C1F0085A933 /* Font.cpp */; };
		E089188D17F96C1F0085A933 /* FreeTypeFontLoader.cpp in Sources */ = {isa = PBXBuildFile; fileRef = E089188A17F96C1F0085A933 /* FreeTypeFontLoader.cpp */; };
		E08918F317F96DEC0085A933 /* Texture.cpp in Sources */ = {isa = PBXBuildFile; fileRef = E08918F217F96DEC0085A933 /* Texture.cpp */; };
		E08918F917F96E460085A933 /* lodepng.cpp in Sources */ = {isa = PBXBuildFile; fileRef = E08918F717F96E460085A933 /* lodepng.cpp */; };
		E08B1A3917BD4A0D00EB25FD /* Game.cpp in Sources */ = {isa = PBXBuildFile; fileRef = E08B1A3817BD4A0D00EB25FD /* Game.cpp */; };
		E08B1A3E17BD4EA100EB25FD /* Render.cpp in Sources */ = {isa = PBXBuildFile; fileRef = E08B1A3D17BD4EA100EB25FD /* Render.cpp */; };
		E08BDD74180197BD003AA295 /* Rays.cpp in Sources */ = {isa = PBXBuildFile; fileRef = E08BDD72180197BD003AA295 /* Rays.cpp */; };
		E093493D1835604600094BA5 /* RiemannScale9.cpp in Sources */ = {isa = PBXBuildFile; fileRef = E093493B1835604600094BA5 /* RiemannScale9.cpp */; };
		E0939BCC1830CA730063351E /* GeodesicMesh.cpp in Sources */ = {isa = PBXBuildFile; fileRef = E0939BCA1830CA730063351E /* GeodesicMesh.cpp */; };
		E099D71E184DD8F500E68709 /* RiemannColors.cpp in Sources */ = {isa = PBXBuildFile; fileRef = E099D71C184DD8F500E68709 /* RiemannColors.cpp */; };
		E099D71F184DDDD400E68709 /* RiemannColors.cpp in Sources */ = {isa = PBXBuildFile; fileRef = E099D71C184DD8F500E68709 /* RiemannColors.cpp */; };
		E0A3A66F1844BAEA006059D8 /* assets in Resources */ = {isa = PBXBuildFile; fileRef = E0A3A66E1844BAEA006059D8 /* assets */; };
		E0B5D12C1CAB3307005ACA23 /* libfreetype.a in Frameworks */ = {isa = PBXBuildFile; fileRef = E0B5D0651CAB32F5005ACA23 /* libfreetype.a */; };
		E0B5D12E1CAB3324005ACA23 /* libbz2.tbd in Frameworks */ = {isa = PBXBuildFile; fileRef = E0B5D12D1CAB3324005ACA23 /* libbz2.tbd */; };
		E0B5D1301CAB3331005ACA23 /* libz.tbd in Frameworks */ = {isa = PBXBuildFile; fileRef = E0B5D12F1CAB3331005ACA23 /* libz.tbd */; };
		E0B5D1321CAB333B005ACA23 /* libz.tbd in Frameworks */ = {isa = PBXBuildFile; fileRef = E0B5D12F1CAB3331005ACA23 /* libz.tbd */; };
		E0B5D1331CAB333B005ACA23 /* libfreetype.a in Frameworks */ = {isa = PBXBuildFile; fileRef = E0B5D0651CAB32F5005ACA23 /* libfreetype.a */; };
		E0B5D1341CAB333E005ACA23 /* libbz2.tbd in Frameworks */ = {isa = PBXBuildFile; fileRef = E0B5D12D1CAB3324005ACA23 /* libbz2.tbd */; };
		E0D7775C1844AB3800794BF9 /* InfoPlist.strings in Resources */ = {isa = PBXBuildFile; fileRef = E0D7775A1844AB3800794BF9 /* InfoPlist.strings */; };
		E0D777621844AB3800794BF9 /* Credits.rtf in Resources */ = {isa = PBXBuildFile; fileRef = E0D777601844AB3800794BF9 /* Credits.rtf */; };
		E0D7776B1844AB3800794BF9 /* Riemann_Sphere.xcdatamodeld in Sources */ = {isa = PBXBuildFile; fileRef = E0D777691844AB3800794BF9 /* Riemann_Sphere.xcdatamodeld */; };
		E0D7776D1844AB3800794BF9 /* Images.xcassets in Resources */ = {isa = PBXBuildFile; fileRef = E0D7776C1844AB3800794BF9 /* Images.xcassets */; };
		E0D777A81844AB9100794BF9 /* Shader.cpp in Sources */ = {isa = PBXBuildFile; fileRef = E0FA9ABF180AD10200D63274 /* Shader.cpp */; };
		E0D777A91844ABB200794BF9 /* Texture.cpp in Sources */ = {isa = PBXBuildFile; fileRef = E08918F217F96DEC0085A933 /* Texture.cpp */; };
		E0D777AA1844ABB200794BF9 /* BMFontLoader.cpp in Sources */ = {isa = PBXBuildFile; fileRef = E089188817F96C1F0085A933 /* BMFontLoader.cpp */; };
		E0D777AB1844ABB200794BF9 /* Font.cpp in Sources */ = {isa = PBXBuildFile; fileRef = E089188917F96C1F0085A933 /* Font.cpp */; };
		E0D777AC1844ABB200794BF9 /* FreeTypeFontLoader.cpp in Sources */ = {isa = PBXBuildFile; fileRef = E089188A17F96C1F0085A933 /* FreeTypeFontLoader.cpp */; };
		E0D777AD1844ABB200794BF9 /* Table.cpp in Sources */ = {isa = PBXBuildFile; fileRef = E053C07C17F1E01600BDCE94 /* Table.cpp */; };
		E0D777AE1844ABB200794BF9 /* MutexPOSIX.cpp in Sources */ = {isa = PBXBuildFile; fileRef = E053C06F17F1DFA300BDCE94 /* MutexPOSIX.cpp */; };
		E0D777AF1844ABB200794BF9 /* ThreadPOSIX.cpp in Sources */ = {isa = PBXBuildFile; fileRef = E053C07017F1DFA300BDCE94 /* ThreadPOSIX.cpp */; };
		E0D777B01844ABB200794BF9 /* Render.cpp in Sources */ = {isa = PBXBuildFile; fileRef = E08B1A3D17BD4EA100EB25FD /* Render.cpp */; };
		E0D777B11844ABB200794BF9 /* Game.cpp in Sources */ = {isa = PBXBuildFile; fileRef = E08B1A3817BD4A0D00EB25FD /* Game.cpp */; };
		E0D777B21844ABB200794BF9 /* Camera.cpp in Sources */ = {isa = PBXBuildFile; fileRef = E04F702317BC346400041D45 /* Camera.cpp */; };
		E0D777B31844ABB200794BF9 /* Object.cpp in Sources */ = {isa = PBXBuildFile; fileRef = E04F702017BC2FEB00041D45 /* Object.cpp */; };
		E0D777B41844ABB200794BF9 /* Math3D_SSE2.cpp in Sources */ = {isa = PBXBuildFile; fileRef = E04F700D17BBC94200041D45 /* Math3D_SSE2.cpp */; };
		E0D777B51844ABB200794BF9 /* Math3D.cpp in Sources */ = {isa = PBXBuildFile; fileRef = E04F700F17BBC94200041D45 /* Math3D.cpp */; };
		E0D777B61844ABB200794BF9 /* Scene.cpp in Sources */ = {isa = PBXBuildFile; fileRef = E04F700317BBC84C00041D45 /* Scene.cpp */; };
		E0D777B71844ABB200794BF9 /* State.cpp in Sources */ = {isa = PBXBuildFile; fileRef = E04F700417BBC84C00041D45 /* State.cpp */; };
		E0D777B81844ABB200794BF9 /* Timer.cpp in Sources */ = {isa = PBXBuildFile; fileRef = E04F700517BBC84C00041D45 /* Timer.cpp */; };
		E0D777B91844ABB200794BF9 /* Utility.cpp in Sources */ = {isa = PBXBuildFile; fileRef = E04F700617BBC84C00041D45 /* Utility.cpp */; };
		E0D777BA1844ABB200794BF9 /* Application.cpp in Sources */ = {isa = PBXBuildFile; fileRef = E04F6FC817BBBFB100041D45 /* Application.cpp */; };
		E0D777BB1844ABB200794BF9 /* Config.cpp in Sources */ = {isa = PBXBuildFile; fileRef = E04F6FCD17BBBFB100041D45 /* Config.cpp */; };
		E0D777BC1844ABB200794BF9 /* Debug.cpp in Sources */ = {isa = PBXBuildFile; fileRef = E04F6FCE17BBBFB100041D45 /* Debug.cpp */; };
		E0D777BD1844ABB200794BF9 /* EString.cpp in Sources */ = {isa = PBXBuildFile; fileRef = E04F6FCF17BBBFB100041D45 /* EString.cpp */; };
		E0D777BE1844ABB200794BF9 /* ETime.cpp in Sources */ = {isa = PBXBuildFile; fileRef = E04F6FD017BBBFB100041D45 /* ETime.cpp */; };
		E0D777BF1844ABB200794BF9 /* Input.cpp in Sources */ = {isa = PBXBuildFile; fileRef = E04F6FD117BBBFB100041D45 /* Input.cpp */; };
		E0D777C01844ABB200794BF9 /* Screen.cpp in Sources */ = {isa = PBXBuildFile; fileRef = E04F6FD717BBBFB100041D45 /* Screen.cpp */; };
		E0D777C11844ABB200794BF9 /* Memory.cpp in Sources */ = {isa = PBXBuildFile; fileRef = E04F701D17BBD24000041D45 /* Memory.cpp */; };
		E0D777C21844ABB900794BF9 /* CocoaApp.mm in Sources */ = {isa = PBXBuildFile; fileRef = E04F6FCA17BBBFB100041D45 /* CocoaApp.mm */; };
		E0D777C31844ABB900794BF9 /* CocoaInput.mm in Sources */ = {isa = PBXBuildFile; fileRef = E04F6FCB17BBBFB100041D45 /* CocoaInput.mm */; };
		E0D777C41844ABB900794BF9 /* CocoaScreen.mm in Sources */ = {isa = PBXBuildFile; fileRef = E04F6FCC17BBBFB100041D45 /* CocoaScreen.mm */; };
		E0D777C51844AC0200794BF9 /* OpenGL.framework in Frameworks */ = {isa = PBXBuildFile; fileRef = E04F701417BBC9A600041D45 /* OpenGL.framework */; };
		E0D777C61844AC8300794BF9 /* GeodesicMesh.cpp in Sources */ = {isa = PBXBuildFile; fileRef = E0939BCA1830CA730063351E /* GeodesicMesh.cpp */; };
		E0D777C71844AC8300794BF9 /* GridMesh.cpp in Sources */ = {isa = PBXBuildFile; fileRef = E0EA4B691827C3D7004DB92E /* GridMesh.cpp */; };
		E0D777C81844AC8300794BF9 /* GeodesicNode.cpp in Sources */ = {isa = PBXBuildFile; fileRef = E01FF8B51826BEC6007AF239 /* GeodesicNode.cpp */; };
		E0D777C91844AC8300794BF9 /* GeodesicTree.cpp in Sources */ = {isa = PBXBuildFile; fileRef = E01FF8B71826BEC6007AF239 /* GeodesicTree.cpp */; };
		E0D777CA1844AC8300794BF9 /* GeodesicTri.cpp in Sources */ = {isa = PBXBuildFile; fileRef = E01FF8B91826BEC6007AF239 /* GeodesicTri.cpp */; };
		E0D777CB1844AC8300794BF9 /* GeodesicSphere.cpp in Sources */ = {isa = PBXBuildFile; fileRef = E01FF8B218263A5C007AF239 /* GeodesicSphere.cpp */; };
		E0D777CC1844AC8300794BF9 /* RiemannSceneGeodesic.cpp in Sources */ = {isa = PBXBuildFile; fileRef = E01FF8AF182639EA007AF239 /* RiemannSceneGeodesic.cpp */; };
		E0D777CD1844AC8300794BF9 /* DrawSymbols.cpp in Sources */ = {isa = PBXBuildFile; fileRef = E04A6B0B180E746A00B5F2E2 /* DrawSymbols.cpp */; };
		E0D777CE1844AC8300794BF9 /* RiemannSceneGLSL.cpp in Sources */ = {isa = PBXBuildFile; fileRef = E0FA9AC4180AD12700D63274 /* RiemannSceneGLSL.cpp */; };
		E0D777CF1844AC8300794BF9 /* Rays.cpp in Sources */ = {isa = PBXBuildFile; fileRef = E08BDD72180197BD003AA295 /* Rays.cpp */; };
		E0D777D01844AC8300794BF9 /* VirtualTree.cpp in Sources */ = {isa = PBXBuildFile; fileRef = E00BDDCB17FADBF200EB1A39 /* VirtualTree.cpp */; };
		E0D777D11844AC8300794BF9 /* VirtualVBO.cpp in Sources */ = {isa = PBXBuildFile; fileRef = E087F8EB17F813E70093DF8B /* VirtualVBO.cpp */; };
		E0D777D21844AC8300794BF9 /* Polynomial.cpp in Sources */ = {isa = PBXBuildFile; fileRef = E053C07517F1DFF300BDCE94 /* Polynomial.cpp */; };
		E0D777D31844AC8300794BF9 /* PoolThread.cpp in Sources */ = {isa = PBXBuildFile; fileRef = E053C07717F1DFF300BDCE94 /* PoolThread.cpp */; };
		E0D777D41844AC8300794BF9 /* SpheresManager.cpp in Sources */ = {isa = PBXBuildFile; fileRef = E01049AC17C3922700EF760D /* SpheresManager.cpp */; };
		E0D777D51844AC8300794BF9 /* Sphere.cpp in Sources */ = {isa = PBXBuildFile; fileRef = E00EF2C917C153650032B058 /* Sphere.cpp */; };
		E0D777D61844AC8300794BF9 /* SphereMesh.cpp in Sources */ = {isa = PBXBuildFile; fileRef = E00EF2C617C153270032B058 /* SphereMesh.cpp */; };
		E0D777D71844AC8300794BF9 /* CameraManager.cpp in Sources */ = {isa = PBXBuildFile; fileRef = E0DCC20117BFAC9B0060E4CD /* CameraManager.cpp */; };
		E0D777D81844AC8300794BF9 /* RiemannScene.cpp in Sources */ = {isa = PBXBuildFile; fileRef = E0DCC1FD17BF9D8D0060E4CD /* RiemannScene.cpp */; };
		E0D777D91844AC9300794BF9 /* RiemannScale9.cpp in Sources */ = {isa = PBXBuildFile; fileRef = E093493B1835604600094BA5 /* RiemannScale9.cpp */; };
		E0D777DA1844AC9300794BF9 /* RiemannFormula.cpp in Sources */ = {isa = PBXBuildFile; fileRef = E0EAECCF1834EC6200B0C033 /* RiemannFormula.cpp */; };
		E0D777DB1844AC9300794BF9 /* RiemannButton.cpp in Sources */ = {isa = PBXBuildFile; fileRef = E03832F918324E6000C70CF3 /* RiemannButton.cpp */; };
		E0D777DC1844AC9300794BF9 /* RiemannMenu.cpp in Sources */ = {isa = PBXBuildFile; fileRef = E03832FB18324E6000C70CF3 /* RiemannMenu.cpp */; };
		E0D777DD1844AC9900794BF9 /* function.test.e2d in Resources */ = {isa = PBXBuildFile; fileRef = E084F4C6181A75EF005B60B4 /* function.test.e2d */; };
		E0D7780D1844ACEE00794BF9 /* Cocoa.framework in Frameworks */ = {isa = PBXBuildFile; fileRef = E04F701217BBC99E00041D45 /* Cocoa.framework */; };
		E0D7780E1844AD6C00794BF9 /* RiemannAppSphere-Info.plist in Resources */ = {isa = PBXBuildFile; fileRef = E0D777591844AB3800794BF9 /* RiemannAppSphere-Info.plist */; };
		E0D7780F1844AFE000794BF9 /* Image.cpp in Sources */ = {isa = PBXBuildFile; fileRef = E08918F617F96E460085A933 /* Image.cpp */; };
		E0D778101844AFE000794BF9 /* lodepng.cpp in Sources */ = {isa = PBXBuildFile; fileRef = E08918F717F96E460085A933 /* lodepng.cpp */; };
		E0D778111844B00800794BF9 /* PolynomialRoots.cpp in Sources */ = {isa = PBXBuildFile; fileRef = E0FA9AC2180AD12700D63274 /* PolynomialRoots.cpp */; };
		E0D778121844B01800794BF9 /* main.cpp in Sources */ = {isa = PBXBuildFile; fileRef = E04F701A17BBD07700041D45 /* main.cpp */; };
		E0D778161844B57500794BF9 /* Riemann.iconset in Resources */ = {isa = PBXBuildFile; fileRef = E0D778151844B57500794BF9 /* Riemann.iconset */; };
		E0DCC1FF17BF9D8D0060E4CD /* RiemannScene.cpp in Sources */ = {isa = PBXBuildFile; fileRef = E0DCC1FD17BF9D8D0060E4CD /* RiemannScene.cpp */; };
		E0DCC20317BFAC9B0060E4CD /* CameraManager.cpp in Sources */ = {isa = PBXBuildFile; fileRef = E0DCC20117BFAC9B0060E4CD /* CameraManager.cpp */; };
		E0EA4B6B1827C3D7004DB92E /* GridMesh.cpp in Sources */ = {isa = PBXBuildFile; fileRef = E0EA4B691827C3D7004DB92E /* GridMesh.cpp */; };
		E0EAECD11834EC6200B0C033 /* RiemannFormula.cpp in Sources */ = {isa = PBXBuildFile; fileRef = E0EAECCF1834EC6200B0C033 /* RiemannFormula.cpp */; };
		E0FA9AC0180AD10200D63274 /* Shader.cpp in Sources */ = {isa = PBXBuildFile; fileRef = E0FA9ABF180AD10200D63274 /* Shader.cpp */; };
		E0FA9AC6180AD12700D63274 /* PolynomialRoots.cpp in Sources */ = {isa = PBXBuildFile; fileRef = E0FA9AC2180AD12700D63274 /* PolynomialRoots.cpp */; };
		E0FA9AC7180AD12700D63274 /* RiemannSceneGLSL.cpp in Sources */ = {isa = PBXBuildFile; fileRef = E0FA9AC4180AD12700D63274 /* RiemannSceneGLSL.cpp */; };
/* End PBXBuildFile section */

/* Begin PBXCopyFilesBuildPhase section */
		E04F6F9317BBBF8700041D45 /* CopyFiles */ = {
			isa = PBXCopyFilesBuildPhase;
			buildActionMask = 2147483647;
			dstPath = /usr/share/man/man1/;
			dstSubfolderSpec = 0;
			files = (
			);
			runOnlyForDeploymentPostprocessing = 1;
		};
/* End PBXCopyFilesBuildPhase section */

/* Begin PBXFileReference section */
		E00BDDCB17FADBF200EB1A39 /* VirtualTree.cpp */ = {isa = PBXFileReference; fileEncoding = 4; lastKnownFileType = sourcecode.cpp.cpp; path = VirtualTree.cpp; sourceTree = "<group>"; };
		E00BDDCC17FADBF200EB1A39 /* VirtualTree.h */ = {isa = PBXFileReference; fileEncoding = 4; lastKnownFileType = sourcecode.c.h; path = VirtualTree.h; sourceTree = "<group>"; };
		E00EF2C617C153270032B058 /* SphereMesh.cpp */ = {isa = PBXFileReference; fileEncoding = 4; lastKnownFileType = sourcecode.cpp.cpp; path = SphereMesh.cpp; sourceTree = "<group>"; };
		E00EF2C717C153280032B058 /* SphereMesh.h */ = {isa = PBXFileReference; fileEncoding = 4; lastKnownFileType = sourcecode.c.h; path = SphereMesh.h; sourceTree = "<group>"; };
		E00EF2C917C153650032B058 /* Sphere.cpp */ = {isa = PBXFileReference; fileEncoding = 4; lastKnownFileType = sourcecode.cpp.cpp; path = Sphere.cpp; sourceTree = "<group>"; };
		E00EF2CA17C153650032B058 /* Sphere.h */ = {isa = PBXFileReference; fileEncoding = 4; lastKnownFileType = sourcecode.c.h; path = Sphere.h; sourceTree = "<group>"; };
		E01049AC17C3922700EF760D /* SpheresManager.cpp */ = {isa = PBXFileReference; fileEncoding = 4; lastKnownFileType = sourcecode.cpp.cpp; path = SpheresManager.cpp; sourceTree = "<group>"; };
		E01049AD17C3922700EF760D /* SpheresManager.h */ = {isa = PBXFileReference; fileEncoding = 4; lastKnownFileType = sourcecode.c.h; path = SpheresManager.h; sourceTree = "<group>"; };
		E01FF8AF182639EA007AF239 /* RiemannSceneGeodesic.cpp */ = {isa = PBXFileReference; fileEncoding = 4; lastKnownFileType = sourcecode.cpp.cpp; path = RiemannSceneGeodesic.cpp; sourceTree = "<group>"; };
		E01FF8B0182639EA007AF239 /* RiemannSceneGeodesic.h */ = {isa = PBXFileReference; fileEncoding = 4; lastKnownFileType = sourcecode.c.h; path = RiemannSceneGeodesic.h; sourceTree = "<group>"; };
		E01FF8B218263A5C007AF239 /* GeodesicSphere.cpp */ = {isa = PBXFileReference; fileEncoding = 4; lastKnownFileType = sourcecode.cpp.cpp; path = GeodesicSphere.cpp; sourceTree = "<group>"; };
		E01FF8B318263A5C007AF239 /* GeodesicSphere.h */ = {isa = PBXFileReference; fileEncoding = 4; lastKnownFileType = sourcecode.c.h; path = GeodesicSphere.h; sourceTree = "<group>"; };
		E01FF8B51826BEC6007AF239 /* GeodesicNode.cpp */ = {isa = PBXFileReference; fileEncoding = 4; lastKnownFileType = sourcecode.cpp.cpp; path = GeodesicNode.cpp; sourceTree = "<group>"; };
		E01FF8B61826BEC6007AF239 /* GeodesicNode.h */ = {isa = PBXFileReference; fileEncoding = 4; lastKnownFileType = sourcecode.c.h; path = GeodesicNode.h; sourceTree = "<group>"; };
		E01FF8B71826BEC6007AF239 /* GeodesicTree.cpp */ = {isa = PBXFileReference; fileEncoding = 4; lastKnownFileType = sourcecode.cpp.cpp; path = GeodesicTree.cpp; sourceTree = "<group>"; };
		E01FF8B81826BEC6007AF239 /* GeodesicTree.h */ = {isa = PBXFileReference; fileEncoding = 4; lastKnownFileType = sourcecode.c.h; path = GeodesicTree.h; sourceTree = "<group>"; };
		E01FF8B91826BEC6007AF239 /* GeodesicTri.cpp */ = {isa = PBXFileReference; fileEncoding = 4; lastKnownFileType = sourcecode.cpp.cpp; path = GeodesicTri.cpp; sourceTree = "<group>"; };
		E01FF8BA1826BEC6007AF239 /* GeodesicTri.h */ = {isa = PBXFileReference; fileEncoding = 4; lastKnownFileType = sourcecode.c.h; path = GeodesicTri.h; sourceTree = "<group>"; };
		E03832F918324E6000C70CF3 /* RiemannButton.cpp */ = {isa = PBXFileReference; fileEncoding = 4; lastKnownFileType = sourcecode.cpp.cpp; path = RiemannButton.cpp; sourceTree = "<group>"; };
		E03832FA18324E6000C70CF3 /* RiemannButton.h */ = {isa = PBXFileReference; fileEncoding = 4; lastKnownFileType = sourcecode.c.h; path = RiemannButton.h; sourceTree = "<group>"; };
		E03832FB18324E6000C70CF3 /* RiemannMenu.cpp */ = {isa = PBXFileReference; fileEncoding = 4; lastKnownFileType = sourcecode.cpp.cpp; path = RiemannMenu.cpp; sourceTree = "<group>"; };
		E03832FC18324E6000C70CF3 /* RiemannMenu.h */ = {isa = PBXFileReference; fileEncoding = 4; lastKnownFileType = sourcecode.c.h; path = RiemannMenu.h; sourceTree = "<group>"; };
		E03B15E3184B83D100393081 /* RiemannDialog.cpp */ = {isa = PBXFileReference; fileEncoding = 4; lastKnownFileType = sourcecode.cpp.cpp; path = RiemannDialog.cpp; sourceTree = "<group>"; };
		E03B15E4184B83D100393081 /* RiemannDialog.h */ = {isa = PBXFileReference; fileEncoding = 4; lastKnownFileType = sourcecode.c.h; path = RiemannDialog.h; sourceTree = "<group>"; };
		E04A6B0B180E746A00B5F2E2 /* DrawSymbols.cpp */ = {isa = PBXFileReference; fileEncoding = 4; lastKnownFileType = sourcecode.cpp.cpp; path = DrawSymbols.cpp; sourceTree = "<group>"; };
		E04A6B0C180E746A00B5F2E2 /* DrawSymbols.h */ = {isa = PBXFileReference; fileEncoding = 4; lastKnownFileType = sourcecode.c.h; path = DrawSymbols.h; sourceTree = "<group>"; };
		E04A6B0E180E75AE00B5F2E2 /* Schroeder4Fractal.h */ = {isa = PBXFileReference; fileEncoding = 4; lastKnownFileType = sourcecode.c.h; path = Schroeder4Fractal.h; sourceTree = "<group>"; };
		E04F6F9517BBBF8700041D45 /* RiemannSphere */ = {isa = PBXFileReference; explicitFileType = "compiled.mach-o.executable"; includeInIndex = 0; path = RiemannSphere; sourceTree = BUILT_PRODUCTS_DIR; };
		E04F6FA817BBBFB100041D45 /* Application.h */ = {isa = PBXFileReference; fileEncoding = 4; lastKnownFileType = sourcecode.c.h; path = Application.h; sourceTree = "<group>"; };
		E04F6FA917BBBFB100041D45 /* Blend.h */ = {isa = PBXFileReference; fileEncoding = 4; lastKnownFileType = sourcecode.c.h; path = Blend.h; sourceTree = "<group>"; };
		E04F6FAB17BBBFB100041D45 /* CocoaApp.h */ = {isa = PBXFileReference; fileEncoding = 4; lastKnownFileType = sourcecode.c.h; path = CocoaApp.h; sourceTree = "<group>"; };
		E04F6FAC17BBBFB100041D45 /* CocoaInput.h */ = {isa = PBXFileReference; fileEncoding = 4; lastKnownFileType = sourcecode.c.h; path = CocoaInput.h; sourceTree = "<group>"; };
		E04F6FAD17BBBFB100041D45 /* CocoaScreen.h */ = {isa = PBXFileReference; fileEncoding = 4; lastKnownFileType = sourcecode.c.h; path = CocoaScreen.h; sourceTree = "<group>"; };
		E04F6FAE17BBBFB100041D45 /* Color.h */ = {isa = PBXFileReference; fileEncoding = 4; lastKnownFileType = sourcecode.c.h; path = Color.h; sourceTree = "<group>"; };
		E04F6FAF17BBBFB100041D45 /* Config.h */ = {isa = PBXFileReference; fileEncoding = 4; lastKnownFileType = sourcecode.c.h; path = Config.h; sourceTree = "<group>"; };
		E04F6FB017BBBFB100041D45 /* Debug.h */ = {isa = PBXFileReference; fileEncoding = 4; lastKnownFileType = sourcecode.c.h; path = Debug.h; sourceTree = "<group>"; };
		E04F6FB117BBBFB100041D45 /* EString.h */ = {isa = PBXFileReference; fileEncoding = 4; lastKnownFileType = sourcecode.c.h; path = EString.h; sourceTree = "<group>"; };
		E04F6FB217BBBFB100041D45 /* ETime.h */ = {isa = PBXFileReference; fileEncoding = 4; lastKnownFileType = sourcecode.c.h; path = ETime.h; sourceTree = "<group>"; };
		E04F6FB317BBBFB100041D45 /* Input.h */ = {isa = PBXFileReference; fileEncoding = 4; lastKnownFileType = sourcecode.c.h; path = Input.h; sourceTree = "<group>"; };
		E04F6FB917BBBFB100041D45 /* Screen.h */ = {isa = PBXFileReference; fileEncoding = 4; lastKnownFileType = sourcecode.c.h; path = Screen.h; sourceTree = "<group>"; };
		E04F6FC817BBBFB100041D45 /* Application.cpp */ = {isa = PBXFileReference; fileEncoding = 4; lastKnownFileType = sourcecode.cpp.cpp; path = Application.cpp; sourceTree = "<group>"; };
		E04F6FCA17BBBFB100041D45 /* CocoaApp.mm */ = {isa = PBXFileReference; fileEncoding = 4; lastKnownFileType = sourcecode.cpp.objcpp; path = CocoaApp.mm; sourceTree = "<group>"; };
		E04F6FCB17BBBFB100041D45 /* CocoaInput.mm */ = {isa = PBXFileReference; fileEncoding = 4; lastKnownFileType = sourcecode.cpp.objcpp; path = CocoaInput.mm; sourceTree = "<group>"; };
		E04F6FCC17BBBFB100041D45 /* CocoaScreen.mm */ = {isa = PBXFileReference; fileEncoding = 4; lastKnownFileType = sourcecode.cpp.objcpp; path = CocoaScreen.mm; sourceTree = "<group>"; };
		E04F6FCD17BBBFB100041D45 /* Config.cpp */ = {isa = PBXFileReference; fileEncoding = 4; lastKnownFileType = sourcecode.cpp.cpp; path = Config.cpp; sourceTree = "<group>"; };
		E04F6FCE17BBBFB100041D45 /* Debug.cpp */ = {isa = PBXFileReference; fileEncoding = 4; lastKnownFileType = sourcecode.cpp.cpp; path = Debug.cpp; sourceTree = "<group>"; };
		E04F6FCF17BBBFB100041D45 /* EString.cpp */ = {isa = PBXFileReference; fileEncoding = 4; lastKnownFileType = sourcecode.cpp.cpp; path = EString.cpp; sourceTree = "<group>"; };
		E04F6FD017BBBFB100041D45 /* ETime.cpp */ = {isa = PBXFileReference; fileEncoding = 4; lastKnownFileType = sourcecode.cpp.cpp; path = ETime.cpp; sourceTree = "<group>"; };
		E04F6FD117BBBFB100041D45 /* Input.cpp */ = {isa = PBXFileReference; fileEncoding = 4; lastKnownFileType = sourcecode.cpp.cpp; path = Input.cpp; sourceTree = "<group>"; };
		E04F6FD717BBBFB100041D45 /* Screen.cpp */ = {isa = PBXFileReference; fileEncoding = 4; lastKnownFileType = sourcecode.cpp.cpp; path = Screen.cpp; sourceTree = "<group>"; };
		E04F6FFA17BBC06400041D45 /* stdafx.h */ = {isa = PBXFileReference; fileEncoding = 4; lastKnownFileType = sourcecode.c.h; path = stdafx.h; sourceTree = SOURCE_ROOT; };
		E04F6FFB17BBC0BA00041D45 /* Types.h */ = {isa = PBXFileReference; fileEncoding = 4; lastKnownFileType = sourcecode.c.h; path = Types.h; sourceTree = "<group>"; };
		E04F6FFE17BBC83600041D45 /* Game.h */ = {isa = PBXFileReference; fileEncoding = 4; lastKnownFileType = sourcecode.c.h; path = Game.h; sourceTree = "<group>"; };
		E04F6FFF17BBC83600041D45 /* Scene.h */ = {isa = PBXFileReference; fileEncoding = 4; lastKnownFileType = sourcecode.c.h; path = Scene.h; sourceTree = "<group>"; };
		E04F700017BBC83600041D45 /* State.h */ = {isa = PBXFileReference; fileEncoding = 4; lastKnownFileType = sourcecode.c.h; path = State.h; sourceTree = "<group>"; };
		E04F700117BBC83600041D45 /* Timer.h */ = {isa = PBXFileReference; fileEncoding = 4; lastKnownFileType = sourcecode.c.h; path = Timer.h; sourceTree = "<group>"; };
		E04F700217BBC83600041D45 /* Utility.h */ = {isa = PBXFileReference; fileEncoding = 4; lastKnownFileType = sourcecode.c.h; path = Utility.h; sourceTree = "<group>"; };
		E04F700317BBC84C00041D45 /* Scene.cpp */ = {isa = PBXFileReference; fileEncoding = 4; lastKnownFileType = sourcecode.cpp.cpp; path = Scene.cpp; sourceTree = "<group>"; };
		E04F700417BBC84C00041D45 /* State.cpp */ = {isa = PBXFileReference; fileEncoding = 4; lastKnownFileType = sourcecode.cpp.cpp; path = State.cpp; sourceTree = "<group>"; };
		E04F700517BBC84C00041D45 /* Timer.cpp */ = {isa = PBXFileReference; fileEncoding = 4; lastKnownFileType = sourcecode.cpp.cpp; path = Timer.cpp; sourceTree = "<group>"; };
		E04F700617BBC84C00041D45 /* Utility.cpp */ = {isa = PBXFileReference; fileEncoding = 4; lastKnownFileType = sourcecode.cpp.cpp; path = Utility.cpp; sourceTree = "<group>"; };
		E04F700B17BBC88700041D45 /* EStack.h */ = {isa = PBXFileReference; fileEncoding = 4; lastKnownFileType = sourcecode.c.h; path = EStack.h; sourceTree = "<group>"; };
		E04F700C17BBC93100041D45 /* Math3D.h */ = {isa = PBXFileReference; fileEncoding = 4; lastKnownFileType = sourcecode.c.h; path = Math3D.h; sourceTree = "<group>"; };
		E04F700D17BBC94200041D45 /* Math3D_SSE2.cpp */ = {isa = PBXFileReference; fileEncoding = 4; lastKnownFileType = sourcecode.cpp.cpp; path = Math3D_SSE2.cpp; sourceTree = "<group>"; };
		E04F700E17BBC94200041D45 /* Math3D_SSE2.h */ = {isa = PBXFileReference; fileEncoding = 4; lastKnownFileType = sourcecode.c.h; path = Math3D_SSE2.h; sourceTree = "<group>"; };
		E04F700F17BBC94200041D45 /* Math3D.cpp */ = {isa = PBXFileReference; fileEncoding = 4; lastKnownFileType = sourcecode.cpp.cpp; path = Math3D.cpp; sourceTree = "<group>"; };
		E04F701217BBC99E00041D45 /* Cocoa.framework */ = {isa = PBXFileReference; lastKnownFileType = wrapper.framework; name = Cocoa.framework; path = System/Library/Frameworks/Cocoa.framework; sourceTree = SDKROOT; };
		E04F701417BBC9A600041D45 /* OpenGL.framework */ = {isa = PBXFileReference; lastKnownFileType = wrapper.framework; name = OpenGL.framework; path = System/Library/Frameworks/OpenGL.framework; sourceTree = SDKROOT; };
		E04F701A17BBD07700041D45 /* main.cpp */ = {isa = PBXFileReference; fileEncoding = 4; lastKnownFileType = sourcecode.cpp.cpp; path = main.cpp; sourceTree = "<group>"; };
		E04F701C17BBD1D900041D45 /* Memory.h */ = {isa = PBXFileReference; lastKnownFileType = sourcecode.c.h; path = Memory.h; sourceTree = "<group>"; };
		E04F701D17BBD24000041D45 /* Memory.cpp */ = {isa = PBXFileReference; fileEncoding = 4; lastKnownFileType = sourcecode.cpp.cpp; path = Memory.cpp; sourceTree = "<group>"; };
		E04F701F17BC2F8D00041D45 /* Object.h */ = {isa = PBXFileReference; fileEncoding = 4; lastKnownFileType = sourcecode.c.h; path = Object.h; sourceTree = "<group>"; };
		E04F702017BC2FEB00041D45 /* Object.cpp */ = {isa = PBXFileReference; fileEncoding = 4; lastKnownFileType = sourcecode.cpp.cpp; path = Object.cpp; sourceTree = "<group>"; };
		E04F702217BC341800041D45 /* Camera.h */ = {isa = PBXFileReference; fileEncoding = 4; lastKnownFileType = sourcecode.c.h; path = Camera.h; sourceTree = "<group>"; };
		E04F702317BC346400041D45 /* Camera.cpp */ = {isa = PBXFileReference; fileEncoding = 4; lastKnownFileType = sourcecode.cpp.cpp; path = Camera.cpp; sourceTree = "<group>"; };
		E053C06B17F1DF8500BDCE94 /* Mutex.h */ = {isa = PBXFileReference; fileEncoding = 4; lastKnownFileType = sourcecode.c.h; path = Mutex.h; sourceTree = "<group>"; };
		E053C06C17F1DF8500BDCE94 /* MutexConf.h */ = {isa = PBXFileReference; fileEncoding = 4; lastKnownFileType = sourcecode.c.h; path = MutexConf.h; sourceTree = "<group>"; };
		E053C06D17F1DF8500BDCE94 /* Thread.h */ = {isa = PBXFileReference; fileEncoding = 4; lastKnownFileType = sourcecode.c.h; path = Thread.h; sourceTree = "<group>"; };
		E053C06E17F1DF8500BDCE94 /* ThreadConf.h */ = {isa = PBXFileReference; fileEncoding = 4; lastKnownFileType = sourcecode.c.h; path = ThreadConf.h; sourceTree = "<group>"; };
		E053C06F17F1DFA300BDCE94 /* MutexPOSIX.cpp */ = {isa = PBXFileReference; fileEncoding = 4; lastKnownFileType = sourcecode.cpp.cpp; name = MutexPOSIX.cpp; path = thread/MutexPOSIX.cpp; sourceTree = "<group>"; };
		E053C07017F1DFA300BDCE94 /* ThreadPOSIX.cpp */ = {isa = PBXFileReference; fileEncoding = 4; lastKnownFileType = sourcecode.cpp.cpp; name = ThreadPOSIX.cpp; path = thread/ThreadPOSIX.cpp; sourceTree = "<group>"; };
		E053C07417F1DFF300BDCE94 /* NewtonFractal.h */ = {isa = PBXFileReference; fileEncoding = 4; lastKnownFileType = sourcecode.c.h; path = NewtonFractal.h; sourceTree = "<group>"; };
		E053C07517F1DFF300BDCE94 /* Polynomial.cpp */ = {isa = PBXFileReference; fileEncoding = 4; lastKnownFileType = sourcecode.cpp.cpp; path = Polynomial.cpp; sourceTree = "<group>"; };
		E053C07617F1DFF300BDCE94 /* Polynomial.h */ = {isa = PBXFileReference; fileEncoding = 4; lastKnownFileType = sourcecode.c.h; path = Polynomial.h; sourceTree = "<group>"; };
		E053C07717F1DFF300BDCE94 /* PoolThread.cpp */ = {isa = PBXFileReference; fileEncoding = 4; lastKnownFileType = sourcecode.cpp.cpp; path = PoolThread.cpp; sourceTree = "<group>"; };
		E053C07817F1DFF300BDCE94 /* PoolThread.h */ = {isa = PBXFileReference; fileEncoding = 4; lastKnownFileType = sourcecode.c.h; path = PoolThread.h; sourceTree = "<group>"; };
		E053C07C17F1E01600BDCE94 /* Table.cpp */ = {isa = PBXFileReference; fileEncoding = 4; lastKnownFileType = sourcecode.cpp.cpp; path = Table.cpp; sourceTree = "<group>"; };
		E053C07E17F1E01D00BDCE94 /* Table.h */ = {isa = PBXFileReference; fileEncoding = 4; lastKnownFileType = sourcecode.c.h; path = Table.h; sourceTree = "<group>"; };
		E05CD05F186598220047F032 /* TFractal.h */ = {isa = PBXFileReference; fileEncoding = 4; lastKnownFileType = sourcecode.c.h; path = TFractal.h; sourceTree = "<group>"; };
		E084F4C6181A75EF005B60B4 /* function.test.e2d */ = {isa = PBXFileReference; fileEncoding = 4; lastKnownFileType = text; path = function.test.e2d; sourceTree = "<group>"; };
		E08570581806991700BD4106 /* Fractal.h */ = {isa = PBXFileReference; fileEncoding = 4; lastKnownFileType = sourcecode.c.h; path = Fractal.h; sourceTree = "<group>"; };
		E085705D1806A44700BD4106 /* HalleyFractal.h */ = {isa = PBXFileReference; fileEncoding = 4; lastKnownFileType = sourcecode.c.h; path = HalleyFractal.h; sourceTree = "<group>"; };
		E085705F1806A89600BD4106 /* SchroederFractal.h */ = {isa = PBXFileReference; fileEncoding = 4; lastKnownFileType = sourcecode.c.h; path = SchroederFractal.h; sourceTree = "<group>"; };
		E087F8EB17F813E70093DF8B /* VirtualVBO.cpp */ = {isa = PBXFileReference; fileEncoding = 4; lastKnownFileType = sourcecode.cpp.cpp; path = VirtualVBO.cpp; sourceTree = "<group>"; };
		E087F8EC17F813E70093DF8B /* VirtualVBO.h */ = {isa = PBXFileReference; fileEncoding = 4; lastKnownFileType = sourcecode.c.h; path = VirtualVBO.h; sourceTree = "<group>"; };
		E089188817F96C1F0085A933 /* BMFontLoader.cpp */ = {isa = PBXFileReference; fileEncoding = 4; lastKnownFileType = sourcecode.cpp.cpp; path = BMFontLoader.cpp; sourceTree = "<group>"; };
		E089188917F96C1F0085A933 /* Font.cpp */ = {isa = PBXFileReference; fileEncoding = 4; lastKnownFileType = sourcecode.cpp.cpp; path = Font.cpp; sourceTree = "<group>"; };
		E089188A17F96C1F0085A933 /* FreeTypeFontLoader.cpp */ = {isa = PBXFileReference; fileEncoding = 4; lastKnownFileType = sourcecode.cpp.cpp; path = FreeTypeFontLoader.cpp; sourceTree = "<group>"; };
		E089188E17F96C2E0085A933 /* BMFontLoader.h */ = {isa = PBXFileReference; fileEncoding = 4; lastKnownFileType = sourcecode.c.h; path = BMFontLoader.h; sourceTree = "<group>"; };
		E089188F17F96C2E0085A933 /* Font.h */ = {isa = PBXFileReference; fileEncoding = 4; lastKnownFileType = sourcecode.c.h; path = Font.h; sourceTree = "<group>"; };
		E089189017F96C2E0085A933 /* FreeTypeFontLoader.h */ = {isa = PBXFileReference; fileEncoding = 4; lastKnownFileType = sourcecode.c.h; path = FreeTypeFontLoader.h; sourceTree = "<group>"; };
		E08918F117F96DDA0085A933 /* Texture.h */ = {isa = PBXFileReference; fileEncoding = 4; lastKnownFileType = sourcecode.c.h; path = Texture.h; sourceTree = "<group>"; };
		E08918F217F96DEC0085A933 /* Texture.cpp */ = {isa = PBXFileReference; fileEncoding = 4; lastKnownFileType = sourcecode.cpp.cpp; path = Texture.cpp; sourceTree = "<group>"; };
		E08918F517F96E460085A933 /* Image.h */ = {isa = PBXFileReference; fileEncoding = 4; lastKnownFileType = sourcecode.c.h; path = Image.h; sourceTree = "<group>"; };
		E08918F617F96E460085A933 /* Image.cpp */ = {isa = PBXFileReference; fileEncoding = 4; lastKnownFileType = sourcecode.cpp.cpp; path = Image.cpp; sourceTree = "<group>"; };
		E08918F717F96E460085A933 /* lodepng.cpp */ = {isa = PBXFileReference; fileEncoding = 4; lastKnownFileType = sourcecode.cpp.cpp; path = lodepng.cpp; sourceTree = "<group>"; };
		E08918F817F96E460085A933 /* lodepng.h */ = {isa = PBXFileReference; fileEncoding = 4; lastKnownFileType = sourcecode.c.h; path = lodepng.h; sourceTree = "<group>"; };
		E08B1A3817BD4A0D00EB25FD /* Game.cpp */ = {isa = PBXFileReference; fileEncoding = 4; lastKnownFileType = sourcecode.cpp.cpp; path = Game.cpp; sourceTree = "<group>"; };
		E08B1A3C17BD4E8100EB25FD /* Render.h */ = {isa = PBXFileReference; fileEncoding = 4; lastKnownFileType = sourcecode.c.h; path = Render.h; sourceTree = "<group>"; };
		E08B1A3D17BD4EA100EB25FD /* Render.cpp */ = {isa = PBXFileReference; fileEncoding = 4; lastKnownFileType = sourcecode.cpp.cpp; path = Render.cpp; sourceTree = "<group>"; };
		E08BDD72180197BD003AA295 /* Rays.cpp */ = {isa = PBXFileReference; fileEncoding = 4; lastKnownFileType = sourcecode.cpp.cpp; path = Rays.cpp; sourceTree = "<group>"; };
		E08BDD73180197BD003AA295 /* Rays.h */ = {isa = PBXFileReference; fileEncoding = 4; lastKnownFileType = sourcecode.c.h; path = Rays.h; sourceTree = "<group>"; };
		E093493B1835604600094BA5 /* RiemannScale9.cpp */ = {isa = PBXFileReference; fileEncoding = 4; lastKnownFileType = sourcecode.cpp.cpp; path = RiemannScale9.cpp; sourceTree = "<group>"; };
		E093493C1835604600094BA5 /* RiemannScale9.h */ = {isa = PBXFileReference; fileEncoding = 4; lastKnownFileType = sourcecode.c.h; path = RiemannScale9.h; sourceTree = "<group>"; };
		E093579C1833C63F00AA7416 /* RiemannInterface.h */ = {isa = PBXFileReference; fileEncoding = 4; lastKnownFileType = sourcecode.c.h; path = RiemannInterface.h; sourceTree = "<group>"; };
		E0939BCA1830CA730063351E /* GeodesicMesh.cpp */ = {isa = PBXFileReference; fileEncoding = 4; lastKnownFileType = sourcecode.cpp.cpp; path = GeodesicMesh.cpp; sourceTree = "<group>"; };
		E0939BCB1830CA730063351E /* GeodesicMesh.h */ = {isa = PBXFileReference; fileEncoding = 4; lastKnownFileType = sourcecode.c.h; path = GeodesicMesh.h; sourceTree = "<group>"; };
		E0961FF61820FCB8007B773F /* GenericFractal.h */ = {isa = PBXFileReference; fileEncoding = 4; lastKnownFileType = sourcecode.c.h; path = GenericFractal.h; sourceTree = "<group>"; };
		E099D71C184DD8F500E68709 /* RiemannColors.cpp */ = {isa = PBXFileReference; fileEncoding = 4; lastKnownFileType = sourcecode.cpp.cpp; path = RiemannColors.cpp; sourceTree = "<group>"; };
		E099D71D184DD8F500E68709 /* RiemannColors.h */ = {isa = PBXFileReference; fileEncoding = 4; lastKnownFileType = sourcecode.c.h; path = RiemannColors.h; sourceTree = "<group>"; };
		E0A3A66E1844BAEA006059D8 /* assets */ = {isa = PBXFileReference; lastKnownFileType = folder; path = assets; sourceTree = "<group>"; };
		E0B46556180FD057002909A2 /* Halley4Fractal.h */ = {isa = PBXFileReference; fileEncoding = 4; lastKnownFileType = sourcecode.c.h; path = Halley4Fractal.h; sourceTree = "<group>"; };
		E0B5D00A1CAB32F5005ACA23 /* ftconfig.h */ = {isa = PBXFileReference; fileEncoding = 4; lastKnownFileType = sourcecode.c.h; path = ftconfig.h; sourceTree = "<group>"; };
		E0B5D00B1CAB32F5005ACA23 /* ftheader.h */ = {isa = PBXFileReference; fileEncoding = 4; lastKnownFileType = sourcecode.c.h; path = ftheader.h; sourceTree = "<group>"; };
		E0B5D00C1CAB32F5005ACA23 /* ftmodule.h */ = {isa = PBXFileReference; fileEncoding = 4; lastKnownFileType = sourcecode.c.h; path = ftmodule.h; sourceTree = "<group>"; };
		E0B5D00D1CAB32F5005ACA23 /* ftoption.h */ = {isa = PBXFileReference; fileEncoding = 4; lastKnownFileType = sourcecode.c.h; path = ftoption.h; sourceTree = "<group>"; };
		E0B5D00E1CAB32F5005ACA23 /* ftstdlib.h */ = {isa = PBXFileReference; fileEncoding = 4; lastKnownFileType = sourcecode.c.h; path = ftstdlib.h; sourceTree = "<group>"; };
		E0B5D00F1CAB32F5005ACA23 /* freetype.h */ = {isa = PBXFileReference; fileEncoding = 4; lastKnownFileType = sourcecode.c.h; path = freetype.h; sourceTree = "<group>"; };
		E0B5D0101CAB32F5005ACA23 /* ftadvanc.h */ = {isa = PBXFileReference; fileEncoding = 4; lastKnownFileType = sourcecode.c.h; path = ftadvanc.h; sourceTree = "<group>"; };
		E0B5D0111CAB32F5005ACA23 /* ftautoh.h */ = {isa = PBXFileReference; fileEncoding = 4; lastKnownFileType = sourcecode.c.h; path = ftautoh.h; sourceTree = "<group>"; };
		E0B5D0121CAB32F5005ACA23 /* ftbbox.h */ = {isa = PBXFileReference; fileEncoding = 4; lastKnownFileType = sourcecode.c.h; path = ftbbox.h; sourceTree = "<group>"; };
		E0B5D0131CAB32F5005ACA23 /* ftbdf.h */ = {isa = PBXFileReference; fileEncoding = 4; lastKnownFileType = sourcecode.c.h; path = ftbdf.h; sourceTree = "<group>"; };
		E0B5D0141CAB32F5005ACA23 /* ftbitmap.h */ = {isa = PBXFileReference; fileEncoding = 4; lastKnownFileType = sourcecode.c.h; path = ftbitmap.h; sourceTree = "<group>"; };
		E0B5D0151CAB32F5005ACA23 /* ftbzip2.h */ = {isa = PBXFileReference; fileEncoding = 4; lastKnownFileType = sourcecode.c.h; path = ftbzip2.h; sourceTree = "<group>"; };
		E0B5D0161CAB32F5005ACA23 /* ftcache.h */ = {isa = PBXFileReference; fileEncoding = 4; lastKnownFileType = sourcecode.c.h; path = ftcache.h; sourceTree = "<group>"; };
		E0B5D0171CAB32F5005ACA23 /* ftcffdrv.h */ = {isa = PBXFileReference; fileEncoding = 4; lastKnownFileType = sourcecode.c.h; path = ftcffdrv.h; sourceTree = "<group>"; };
		E0B5D0181CAB32F5005ACA23 /* ftchapters.h */ = {isa = PBXFileReference; fileEncoding = 4; lastKnownFileType = sourcecode.c.h; path = ftchapters.h; sourceTree = "<group>"; };
		E0B5D0191CAB32F5005ACA23 /* ftcid.h */ = {isa = PBXFileReference; fileEncoding = 4; lastKnownFileType = sourcecode.c.h; path = ftcid.h; sourceTree = "<group>"; };
		E0B5D01A1CAB32F5005ACA23 /* fterrdef.h */ = {isa = PBXFileReference; fileEncoding = 4; lastKnownFileType = sourcecode.c.h; path = fterrdef.h; sourceTree = "<group>"; };
		E0B5D01B1CAB32F5005ACA23 /* fterrors.h */ = {isa = PBXFileReference; fileEncoding = 4; lastKnownFileType = sourcecode.c.h; path = fterrors.h; sourceTree = "<group>"; };
		E0B5D01C1CAB32F5005ACA23 /* ftgasp.h */ = {isa = PBXFileReference; fileEncoding = 4; lastKnownFileType = sourcecode.c.h; path = ftgasp.h; sourceTree = "<group>"; };
		E0B5D01D1CAB32F5005ACA23 /* ftglyph.h */ = {isa = PBXFileReference; fileEncoding = 4; lastKnownFileType = sourcecode.c.h; path = ftglyph.h; sourceTree = "<group>"; };
		E0B5D01E1CAB32F5005ACA23 /* ftgxval.h */ = {isa = PBXFileReference; fileEncoding = 4; lastKnownFileType = sourcecode.c.h; path = ftgxval.h; sourceTree = "<group>"; };
		E0B5D01F1CAB32F5005ACA23 /* ftgzip.h */ = {isa = PBXFileReference; fileEncoding = 4; lastKnownFileType = sourcecode.c.h; path = ftgzip.h; sourceTree = "<group>"; };
		E0B5D0201CAB32F5005ACA23 /* ftimage.h */ = {isa = PBXFileReference; fileEncoding = 4; lastKnownFileType = sourcecode.c.h; path = ftimage.h; sourceTree = "<group>"; };
		E0B5D0211CAB32F5005ACA23 /* ftincrem.h */ = {isa = PBXFileReference; fileEncoding = 4; lastKnownFileType = sourcecode.c.h; path = ftincrem.h; sourceTree = "<group>"; };
		E0B5D0221CAB32F5005ACA23 /* ftlcdfil.h */ = {isa = PBXFileReference; fileEncoding = 4; lastKnownFileType = sourcecode.c.h; path = ftlcdfil.h; sourceTree = "<group>"; };
		E0B5D0231CAB32F5005ACA23 /* ftlist.h */ = {isa = PBXFileReference; fileEncoding = 4; lastKnownFileType = sourcecode.c.h; path = ftlist.h; sourceTree = "<group>"; };
		E0B5D0241CAB32F5005ACA23 /* ftlzw.h */ = {isa = PBXFileReference; fileEncoding = 4; lastKnownFileType = sourcecode.c.h; path = ftlzw.h; sourceTree = "<group>"; };
		E0B5D0251CAB32F5005ACA23 /* ftmac.h */ = {isa = PBXFileReference; fileEncoding = 4; lastKnownFileType = sourcecode.c.h; path = ftmac.h; sourceTree = "<group>"; };
		E0B5D0261CAB32F5005ACA23 /* ftmm.h */ = {isa = PBXFileReference; fileEncoding = 4; lastKnownFileType = sourcecode.c.h; path = ftmm.h; sourceTree = "<group>"; };
		E0B5D0271CAB32F5005ACA23 /* ftmodapi.h */ = {isa = PBXFileReference; fileEncoding = 4; lastKnownFileType = sourcecode.c.h; path = ftmodapi.h; sourceTree = "<group>"; };
		E0B5D0281CAB32F5005ACA23 /* ftmoderr.h */ = {isa = PBXFileReference; fileEncoding = 4; lastKnownFileType = sourcecode.c.h; path = ftmoderr.h; sourceTree = "<group>"; };
		E0B5D0291CAB32F5005ACA23 /* ftotval.h */ = {isa = PBXFileReference; fileEncoding = 4; lastKnownFileType = sourcecode.c.h; path = ftotval.h; sourceTree = "<group>"; };
		E0B5D02A1CAB32F5005ACA23 /* ftoutln.h */ = {isa = PBXFileReference; fileEncoding = 4; lastKnownFileType = sourcecode.c.h; path = ftoutln.h; sourceTree = "<group>"; };
		E0B5D02B1CAB32F5005ACA23 /* ftpfr.h */ = {isa = PBXFileReference; fileEncoding = 4; lastKnownFileType = sourcecode.c.h; path = ftpfr.h; sourceTree = "<group>"; };
		E0B5D02C1CAB32F5005ACA23 /* ftrender.h */ = {isa = PBXFileReference; fileEncoding = 4; lastKnownFileType = sourcecode.c.h; path = ftrender.h; sourceTree = "<group>"; };
		E0B5D02D1CAB32F5005ACA23 /* ftsizes.h */ = {isa = PBXFileReference; fileEncoding = 4; lastKnownFileType = sourcecode.c.h; path = ftsizes.h; sourceTree = "<group>"; };
		E0B5D02E1CAB32F5005ACA23 /* ftsnames.h */ = {isa = PBXFileReference; fileEncoding = 4; lastKnownFileType = sourcecode.c.h; path = ftsnames.h; sourceTree = "<group>"; };
		E0B5D02F1CAB32F5005ACA23 /* ftstroke.h */ = {isa = PBXFileReference; fileEncoding = 4; lastKnownFileType = sourcecode.c.h; path = ftstroke.h; sourceTree = "<group>"; };
		E0B5D0301CAB32F5005ACA23 /* ftsynth.h */ = {isa = PBXFileReference; fileEncoding = 4; lastKnownFileType = sourcecode.c.h; path = ftsynth.h; sourceTree = "<group>"; };
		E0B5D0311CAB32F5005ACA23 /* ftsystem.h */ = {isa = PBXFileReference; fileEncoding = 4; lastKnownFileType = sourcecode.c.h; path = ftsystem.h; sourceTree = "<group>"; };
		E0B5D0321CAB32F5005ACA23 /* fttrigon.h */ = {isa = PBXFileReference; fileEncoding = 4; lastKnownFileType = sourcecode.c.h; path = fttrigon.h; sourceTree = "<group>"; };
		E0B5D0331CAB32F5005ACA23 /* ftttdrv.h */ = {isa = PBXFileReference; fileEncoding = 4; lastKnownFileType = sourcecode.c.h; path = ftttdrv.h; sourceTree = "<group>"; };
		E0B5D0341CAB32F5005ACA23 /* fttypes.h */ = {isa = PBXFileReference; fileEncoding = 4; lastKnownFileType = sourcecode.c.h; path = fttypes.h; sourceTree = "<group>"; };
		E0B5D0351CAB32F5005ACA23 /* ftwinfnt.h */ = {isa = PBXFileReference; fileEncoding = 4; lastKnownFileType = sourcecode.c.h; path = ftwinfnt.h; sourceTree = "<group>"; };
		E0B5D0361CAB32F5005ACA23 /* ftxf86.h */ = {isa = PBXFileReference; fileEncoding = 4; lastKnownFileType = sourcecode.c.h; path = ftxf86.h; sourceTree = "<group>"; };
		E0B5D0381CAB32F5005ACA23 /* autohint.h */ = {isa = PBXFileReference; fileEncoding = 4; lastKnownFileType = sourcecode.c.h; path = autohint.h; sourceTree = "<group>"; };
		E0B5D0391CAB32F5005ACA23 /* ftcalc.h */ = {isa = PBXFileReference; fileEncoding = 4; lastKnownFileType = sourcecode.c.h; path = ftcalc.h; sourceTree = "<group>"; };
		E0B5D03A1CAB32F5005ACA23 /* ftdebug.h */ = {isa = PBXFileReference; fileEncoding = 4; lastKnownFileType = sourcecode.c.h; path = ftdebug.h; sourceTree = "<group>"; };
		E0B5D03B1CAB32F5005ACA23 /* ftdriver.h */ = {isa = PBXFileReference; fileEncoding = 4; lastKnownFileType = sourcecode.c.h; path = ftdriver.h; sourceTree = "<group>"; };
		E0B5D03C1CAB32F5005ACA23 /* ftgloadr.h */ = {isa = PBXFileReference; fileEncoding = 4; lastKnownFileType = sourcecode.c.h; path = ftgloadr.h; sourceTree = "<group>"; };
		E0B5D03D1CAB32F5005ACA23 /* ftmemory.h */ = {isa = PBXFileReference; fileEncoding = 4; lastKnownFileType = sourcecode.c.h; path = ftmemory.h; sourceTree = "<group>"; };
		E0B5D03E1CAB32F5005ACA23 /* ftobjs.h */ = {isa = PBXFileReference; fileEncoding = 4; lastKnownFileType = sourcecode.c.h; path = ftobjs.h; sourceTree = "<group>"; };
		E0B5D03F1CAB32F5005ACA23 /* ftpic.h */ = {isa = PBXFileReference; fileEncoding = 4; lastKnownFileType = sourcecode.c.h; path = ftpic.h; sourceTree = "<group>"; };
		E0B5D0401CAB32F5005ACA23 /* ftrfork.h */ = {isa = PBXFileReference; fileEncoding = 4; lastKnownFileType = sourcecode.c.h; path = ftrfork.h; sourceTree = "<group>"; };
		E0B5D0411CAB32F5005ACA23 /* ftserv.h */ = {isa = PBXFileReference; fileEncoding = 4; lastKnownFileType = sourcecode.c.h; path = ftserv.h; sourceTree = "<group>"; };
		E0B5D0421CAB32F5005ACA23 /* ftstream.h */ = {isa = PBXFileReference; fileEncoding = 4; lastKnownFileType = sourcecode.c.h; path = ftstream.h; sourceTree = "<group>"; };
		E0B5D0431CAB32F5005ACA23 /* fttrace.h */ = {isa = PBXFileReference; fileEncoding = 4; lastKnownFileType = sourcecode.c.h; path = fttrace.h; sourceTree = "<group>"; };
		E0B5D0441CAB32F5005ACA23 /* ftvalid.h */ = {isa = PBXFileReference; fileEncoding = 4; lastKnownFileType = sourcecode.c.h; path = ftvalid.h; sourceTree = "<group>"; };
		E0B5D0451CAB32F5005ACA23 /* internal.h */ = {isa = PBXFileReference; fileEncoding = 4; lastKnownFileType = sourcecode.c.h; path = internal.h; sourceTree = "<group>"; };
		E0B5D0461CAB32F5005ACA23 /* psaux.h */ = {isa = PBXFileReference; fileEncoding = 4; lastKnownFileType = sourcecode.c.h; path = psaux.h; sourceTree = "<group>"; };
		E0B5D0471CAB32F5005ACA23 /* pshints.h */ = {isa = PBXFileReference; fileEncoding = 4; lastKnownFileType = sourcecode.c.h; path = pshints.h; sourceTree = "<group>"; };
		E0B5D0491CAB32F5005ACA23 /* svbdf.h */ = {isa = PBXFileReference; fileEncoding = 4; lastKnownFileType = sourcecode.c.h; path = svbdf.h; sourceTree = "<group>"; };
		E0B5D04A1CAB32F5005ACA23 /* svcid.h */ = {isa = PBXFileReference; fileEncoding = 4; lastKnownFileType = sourcecode.c.h; path = svcid.h; sourceTree = "<group>"; };
		E0B5D04B1CAB32F5005ACA23 /* svgldict.h */ = {isa = PBXFileReference; fileEncoding = 4; lastKnownFileType = sourcecode.c.h; path = svgldict.h; sourceTree = "<group>"; };
		E0B5D04C1CAB32F5005ACA23 /* svgxval.h */ = {isa = PBXFileReference; fileEncoding = 4; lastKnownFileType = sourcecode.c.h; path = svgxval.h; sourceTree = "<group>"; };
		E0B5D04D1CAB32F5005ACA23 /* svkern.h */ = {isa = PBXFileReference; fileEncoding = 4; lastKnownFileType = sourcecode.c.h; path = svkern.h; sourceTree = "<group>"; };
		E0B5D04E1CAB32F5005ACA23 /* svmm.h */ = {isa = PBXFileReference; fileEncoding = 4; lastKnownFileType = sourcecode.c.h; path = svmm.h; sourceTree = "<group>"; };
		E0B5D04F1CAB32F5005ACA23 /* svotval.h */ = {isa = PBXFileReference; fileEncoding = 4; lastKnownFileType = sourcecode.c.h; path = svotval.h; sourceTree = "<group>"; };
		E0B5D0501CAB32F5005ACA23 /* svpfr.h */ = {isa = PBXFileReference; fileEncoding = 4; lastKnownFileType = sourcecode.c.h; path = svpfr.h; sourceTree = "<group>"; };
		E0B5D0511CAB32F5005ACA23 /* svpostnm.h */ = {isa = PBXFileReference; fileEncoding = 4; lastKnownFileType = sourcecode.c.h; path = svpostnm.h; sourceTree = "<group>"; };
		E0B5D0521CAB32F5005ACA23 /* svprop.h */ = {isa = PBXFileReference; fileEncoding = 4; lastKnownFileType = sourcecode.c.h; path = svprop.h; sourceTree = "<group>"; };
		E0B5D0531CAB32F5005ACA23 /* svpscmap.h */ = {isa = PBXFileReference; fileEncoding = 4; lastKnownFileType = sourcecode.c.h; path = svpscmap.h; sourceTree = "<group>"; };
		E0B5D0541CAB32F5005ACA23 /* svpsinfo.h */ = {isa = PBXFileReference; fileEncoding = 4; lastKnownFileType = sourcecode.c.h; path = svpsinfo.h; sourceTree = "<group>"; };
		E0B5D0551CAB32F5005ACA23 /* svsfnt.h */ = {isa = PBXFileReference; fileEncoding = 4; lastKnownFileType = sourcecode.c.h; path = svsfnt.h; sourceTree = "<group>"; };
		E0B5D0561CAB32F5005ACA23 /* svttcmap.h */ = {isa = PBXFileReference; fileEncoding = 4; lastKnownFileType = sourcecode.c.h; path = svttcmap.h; sourceTree = "<group>"; };
		E0B5D0571CAB32F5005ACA23 /* svtteng.h */ = {isa = PBXFileReference; fileEncoding = 4; lastKnownFileType = sourcecode.c.h; path = svtteng.h; sourceTree = "<group>"; };
		E0B5D0581CAB32F5005ACA23 /* svttglyf.h */ = {isa = PBXFileReference; fileEncoding = 4; lastKnownFileType = sourcecode.c.h; path = svttglyf.h; sourceTree = "<group>"; };
		E0B5D0591CAB32F5005ACA23 /* svwinfnt.h */ = {isa = PBXFileReference; fileEncoding = 4; lastKnownFileType = sourcecode.c.h; path = svwinfnt.h; sourceTree = "<group>"; };
		E0B5D05A1CAB32F5005ACA23 /* svxf86nm.h */ = {isa = PBXFileReference; fileEncoding = 4; lastKnownFileType = sourcecode.c.h; path = svxf86nm.h; sourceTree = "<group>"; };
		E0B5D05B1CAB32F5005ACA23 /* sfnt.h */ = {isa = PBXFileReference; fileEncoding = 4; lastKnownFileType = sourcecode.c.h; path = sfnt.h; sourceTree = "<group>"; };
		E0B5D05C1CAB32F5005ACA23 /* t1types.h */ = {isa = PBXFileReference; fileEncoding = 4; lastKnownFileType = sourcecode.c.h; path = t1types.h; sourceTree = "<group>"; };
		E0B5D05D1CAB32F5005ACA23 /* tttypes.h */ = {isa = PBXFileReference; fileEncoding = 4; lastKnownFileType = sourcecode.c.h; path = tttypes.h; sourceTree = "<group>"; };
		E0B5D05E1CAB32F5005ACA23 /* t1tables.h */ = {isa = PBXFileReference; fileEncoding = 4; lastKnownFileType = sourcecode.c.h; path = t1tables.h; sourceTree = "<group>"; };
		E0B5D05F1CAB32F5005ACA23 /* ttnameid.h */ = {isa = PBXFileReference; fileEncoding = 4; lastKnownFileType = sourcecode.c.h; path = ttnameid.h; sourceTree = "<group>"; };
		E0B5D0601CAB32F5005ACA23 /* tttables.h */ = {isa = PBXFileReference; fileEncoding = 4; lastKnownFileType = sourcecode.c.h; path = tttables.h; sourceTree = "<group>"; };
		E0B5D0611CAB32F5005ACA23 /* tttags.h */ = {isa = PBXFileReference; fileEncoding = 4; lastKnownFileType = sourcecode.c.h; path = tttags.h; sourceTree = "<group>"; };
		E0B5D0621CAB32F5005ACA23 /* ttunpat.h */ = {isa = PBXFileReference; fileEncoding = 4; lastKnownFileType = sourcecode.c.h; path = ttunpat.h; sourceTree = "<group>"; };
		E0B5D0631CAB32F5005ACA23 /* ft2build.h */ = {isa = PBXFileReference; fileEncoding = 4; lastKnownFileType = sourcecode.c.h; path = ft2build.h; sourceTree = "<group>"; };
		E0B5D0651CAB32F5005ACA23 /* libfreetype.a */ = {isa = PBXFileReference; lastKnownFileType = archive.ar; path = libfreetype.a; sourceTree = "<group>"; };
		E0B5D12D1CAB3324005ACA23 /* libbz2.tbd */ = {isa = PBXFileReference; lastKnownFileType = "sourcecode.text-based-dylib-definition"; name = libbz2.tbd; path = usr/lib/libbz2.tbd; sourceTree = SDKROOT; };
		E0B5D12F1CAB3331005ACA23 /* libz.tbd */ = {isa = PBXFileReference; lastKnownFileType = "sourcecode.text-based-dylib-definition"; name = libz.tbd; path = usr/lib/libz.tbd; sourceTree = SDKROOT; };
		E0B5D1351CAB349D005ACA23 /* RiemannAppSphere-Prefix.pch */ = {isa = PBXFileReference; lastKnownFileType = sourcecode.c.h; path = "RiemannAppSphere-Prefix.pch"; sourceTree = "<group>"; };
		E0D7774F1844AB3800794BF9 /* Riemann Sphere.app */ = {isa = PBXFileReference; explicitFileType = wrapper.application; includeInIndex = 0; path = "Riemann Sphere.app"; sourceTree = BUILT_PRODUCTS_DIR; };
		E0D777591844AB3800794BF9 /* RiemannAppSphere-Info.plist */ = {isa = PBXFileReference; lastKnownFileType = text.plist.xml; path = "RiemannAppSphere-Info.plist"; sourceTree = "<group>"; };
		E0D7775B1844AB3800794BF9 /* en */ = {isa = PBXFileReference; lastKnownFileType = text.plist.strings; name = en; path = en.lproj/InfoPlist.strings; sourceTree = "<group>"; };
		E0D777611844AB3800794BF9 /* en */ = {isa = PBXFileReference; lastKnownFileType = text.rtf; name = en; path = en.lproj/Credits.rtf; sourceTree = "<group>"; };
		E0D7776A1844AB3800794BF9 /* Riemann_Sphere.xcdatamodel */ = {isa = PBXFileReference; lastKnownFileType = wrapper.xcdatamodel; path = Riemann_Sphere.xcdatamodel; sourceTree = "<group>"; };
		E0D7776C1844AB3800794BF9 /* Images.xcassets */ = {isa = PBXFileReference; lastKnownFileType = folder.assetcatalog; path = Images.xcassets; sourceTree = "<group>"; };
		E0D778151844B57500794BF9 /* Riemann.iconset */ = {isa = PBXFileReference; lastKnownFileType = folder.iconset; path = Riemann.iconset; sourceTree = "<group>"; };
		E0DCC1FD17BF9D8D0060E4CD /* RiemannScene.cpp */ = {isa = PBXFileReference; fileEncoding = 4; lastKnownFileType = sourcecode.cpp.cpp; path = RiemannScene.cpp; sourceTree = "<group>"; };
		E0DCC1FE17BF9D8D0060E4CD /* RiemannScene.h */ = {isa = PBXFileReference; fileEncoding = 4; lastKnownFileType = sourcecode.c.h; path = RiemannScene.h; sourceTree = "<group>"; };
		E0DCC20017BF9DD10060E4CD /* Easy3D.h */ = {isa = PBXFileReference; lastKnownFileType = sourcecode.c.h; path = Easy3D.h; sourceTree = "<group>"; };
		E0DCC20117BFAC9B0060E4CD /* CameraManager.cpp */ = {isa = PBXFileReference; fileEncoding = 4; lastKnownFileType = sourcecode.cpp.cpp; path = CameraManager.cpp; sourceTree = "<group>"; };
		E0DCC20217BFAC9B0060E4CD /* CameraManager.h */ = {isa = PBXFileReference; fileEncoding = 4; lastKnownFileType = sourcecode.c.h; path = CameraManager.h; sourceTree = "<group>"; };
		E0EA4B691827C3D7004DB92E /* GridMesh.cpp */ = {isa = PBXFileReference; fileEncoding = 4; lastKnownFileType = sourcecode.cpp.cpp; path = GridMesh.cpp; sourceTree = "<group>"; };
		E0EA4B6A1827C3D7004DB92E /* GridMesh.h */ = {isa = PBXFileReference; fileEncoding = 4; lastKnownFileType = sourcecode.c.h; path = GridMesh.h; sourceTree = "<group>"; };
		E0EAECCF1834EC6200B0C033 /* RiemannFormula.cpp */ = {isa = PBXFileReference; fileEncoding = 4; lastKnownFileType = sourcecode.cpp.cpp; path = RiemannFormula.cpp; sourceTree = "<group>"; };
		E0EAECD01834EC6200B0C033 /* RiemannFormula.h */ = {isa = PBXFileReference; fileEncoding = 4; lastKnownFileType = sourcecode.c.h; path = RiemannFormula.h; sourceTree = "<group>"; };
		E0FA9ABF180AD10200D63274 /* Shader.cpp */ = {isa = PBXFileReference; fileEncoding = 4; lastKnownFileType = sourcecode.cpp.cpp; path = Shader.cpp; sourceTree = "<group>"; };
		E0FA9AC1180AD10B00D63274 /* Shader.h */ = {isa = PBXFileReference; fileEncoding = 4; lastKnownFileType = sourcecode.c.h; path = Shader.h; sourceTree = "<group>"; };
		E0FA9AC2180AD12700D63274 /* PolynomialRoots.cpp */ = {isa = PBXFileReference; fileEncoding = 4; lastKnownFileType = sourcecode.cpp.cpp; path = PolynomialRoots.cpp; sourceTree = "<group>"; };
		E0FA9AC3180AD12700D63274 /* PolynomialRoots.h */ = {isa = PBXFileReference; fileEncoding = 4; lastKnownFileType = sourcecode.c.h; path = PolynomialRoots.h; sourceTree = "<group>"; };
		E0FA9AC4180AD12700D63274 /* RiemannSceneGLSL.cpp */ = {isa = PBXFileReference; fileEncoding = 4; lastKnownFileType = sourcecode.cpp.cpp; path = RiemannSceneGLSL.cpp; sourceTree = "<group>"; };
		E0FA9AC5180AD12700D63274 /* RiemannSceneGLSL.h */ = {isa = PBXFileReference; fileEncoding = 4; lastKnownFileType = sourcecode.c.h; path = RiemannSceneGLSL.h; sourceTree = "<group>"; };
/* End PBXFileReference section */

/* Begin PBXFrameworksBuildPhase section */
		E04F6F9217BBBF8700041D45 /* Frameworks */ = {
			isa = PBXFrameworksBuildPhase;
			buildActionMask = 2147483647;
			files = (
				E04F701517BBC9A600041D45 /* OpenGL.framework in Frameworks */,
				E0B5D1341CAB333E005ACA23 /* libbz2.tbd in Frameworks */,
				E0B5D1321CAB333B005ACA23 /* libz.tbd in Frameworks */,
				E04F701317BBC99E00041D45 /* Cocoa.framework in Frameworks */,
				E0B5D1331CAB333B005ACA23 /* libfreetype.a in Frameworks */,
			);
			runOnlyForDeploymentPostprocessing = 0;
		};
		E0D7774C1844AB3800794BF9 /* Frameworks */ = {
			isa = PBXFrameworksBuildPhase;
			buildActionMask = 2147483647;
			files = (
				E0D777C51844AC0200794BF9 /* OpenGL.framework in Frameworks */,
				E0D7780D1844ACEE00794BF9 /* Cocoa.framework in Frameworks */,
				E0B5D12C1CAB3307005ACA23 /* libfreetype.a in Frameworks */,
				E0B5D1301CAB3331005ACA23 /* libz.tbd in Frameworks */,
				E0B5D12E1CAB3324005ACA23 /* libbz2.tbd in Frameworks */,
			);
			runOnlyForDeploymentPostprocessing = 0;
		};
/* End PBXFrameworksBuildPhase section */

/* Begin PBXGroup section */
		E03832F818324E6000C70CF3 /* RiemannGui */ = {
			isa = PBXGroup;
			children = (
				E099D71C184DD8F500E68709 /* RiemannColors.cpp */,
				E099D71D184DD8F500E68709 /* RiemannColors.h */,
				E03B15E3184B83D100393081 /* RiemannDialog.cpp */,
				E03B15E4184B83D100393081 /* RiemannDialog.h */,
				E093493B1835604600094BA5 /* RiemannScale9.cpp */,
				E093493C1835604600094BA5 /* RiemannScale9.h */,
				E0EAECCF1834EC6200B0C033 /* RiemannFormula.cpp */,
				E0EAECD01834EC6200B0C033 /* RiemannFormula.h */,
				E03832F918324E6000C70CF3 /* RiemannButton.cpp */,
				E03832FA18324E6000C70CF3 /* RiemannButton.h */,
				E03832FB18324E6000C70CF3 /* RiemannMenu.cpp */,
				E03832FC18324E6000C70CF3 /* RiemannMenu.h */,
			);
			path = RiemannGui;
			sourceTree = "<group>";
		};
		E04F6F8C17BBBF8700041D45 = {
			isa = PBXGroup;
			children = (
				E0B5D0041CAB32F5005ACA23 /* dependencies */,
				E0A3A66E1844BAEA006059D8 /* assets */,
				E03832F818324E6000C70CF3 /* RiemannGui */,
				E084F4C6181A75EF005B60B4 /* function.test.e2d */,
				E0DCC20017BF9DD10060E4CD /* Easy3D.h */,
				E0DCC1FC17BF9D8D0060E4CD /* RiemannSphere */,
				E04F701A17BBD07700041D45 /* main.cpp */,
				E04F701417BBC9A600041D45 /* OpenGL.framework */,
				E04F701217BBC99E00041D45 /* Cocoa.framework */,
				E04F6FFA17BBC06400041D45 /* stdafx.h */,
				E04F6FA117BBBFB100041D45 /* include */,
				E04F6FC017BBBFB100041D45 /* src */,
				E0D777571844AB3800794BF9 /* RiemannAppSphere */,
				E04F6F9617BBBF8700041D45 /* Products */,
				E0D778151844B57500794BF9 /* Riemann.iconset */,
			);
			sourceTree = "<group>";
		};
		E04F6F9617BBBF8700041D45 /* Products */ = {
			isa = PBXGroup;
			children = (
				E04F6F9517BBBF8700041D45 /* RiemannSphere */,
				E0D7774F1844AB3800794BF9 /* Riemann Sphere.app */,
			);
			name = Products;
			sourceTree = "<group>";
		};
		E04F6FA117BBBFB100041D45 /* include */ = {
			isa = PBXGroup;
			children = (
				E0FA9AC1180AD10B00D63274 /* Shader.h */,
				E08918F117F96DDA0085A933 /* Texture.h */,
				E089188E17F96C2E0085A933 /* BMFontLoader.h */,
				E089188F17F96C2E0085A933 /* Font.h */,
				E089189017F96C2E0085A933 /* FreeTypeFontLoader.h */,
				E053C07E17F1E01D00BDCE94 /* Table.h */,
				E053C06A17F1DF8500BDCE94 /* thread */,
				E08B1A3C17BD4E8100EB25FD /* Render.h */,
				E04F702217BC341800041D45 /* Camera.h */,
				E04F701F17BC2F8D00041D45 /* Object.h */,
				E04F700C17BBC93100041D45 /* Math3D.h */,
				E04F700B17BBC88700041D45 /* EStack.h */,
				E04F6FFE17BBC83600041D45 /* Game.h */,
				E04F6FFF17BBC83600041D45 /* Scene.h */,
				E04F700017BBC83600041D45 /* State.h */,
				E04F700117BBC83600041D45 /* Timer.h */,
				E04F700217BBC83600041D45 /* Utility.h */,
				E04F6FFB17BBC0BA00041D45 /* Types.h */,
				E04F6FA817BBBFB100041D45 /* Application.h */,
				E04F6FA917BBBFB100041D45 /* Blend.h */,
				E04F6FAA17BBBFB100041D45 /* cocoa */,
				E04F6FAE17BBBFB100041D45 /* Color.h */,
				E04F6FAF17BBBFB100041D45 /* Config.h */,
				E04F6FB017BBBFB100041D45 /* Debug.h */,
				E04F6FB117BBBFB100041D45 /* EString.h */,
				E04F6FB217BBBFB100041D45 /* ETime.h */,
				E04F6FB317BBBFB100041D45 /* Input.h */,
				E04F6FB917BBBFB100041D45 /* Screen.h */,
				E04F701C17BBD1D900041D45 /* Memory.h */,
			);
			path = include;
			sourceTree = "<group>";
		};
		E04F6FAA17BBBFB100041D45 /* cocoa */ = {
			isa = PBXGroup;
			children = (
				E04F6FAB17BBBFB100041D45 /* CocoaApp.h */,
				E04F6FAC17BBBFB100041D45 /* CocoaInput.h */,
				E04F6FAD17BBBFB100041D45 /* CocoaScreen.h */,
			);
			path = cocoa;
			sourceTree = "<group>";
		};
		E04F6FC017BBBFB100041D45 /* src */ = {
			isa = PBXGroup;
			children = (
				E0FA9ABF180AD10200D63274 /* Shader.cpp */,
				E08918F417F96E460085A933 /* Image */,
				E08918F217F96DEC0085A933 /* Texture.cpp */,
				E089188817F96C1F0085A933 /* BMFontLoader.cpp */,
				E089188917F96C1F0085A933 /* Font.cpp */,
				E089188A17F96C1F0085A933 /* FreeTypeFontLoader.cpp */,
				E053C07C17F1E01600BDCE94 /* Table.cpp */,
				E053C06F17F1DFA300BDCE94 /* MutexPOSIX.cpp */,
				E053C07017F1DFA300BDCE94 /* ThreadPOSIX.cpp */,
				E08B1A3D17BD4EA100EB25FD /* Render.cpp */,
				E08B1A3817BD4A0D00EB25FD /* Game.cpp */,
				E04F702317BC346400041D45 /* Camera.cpp */,
				E04F702017BC2FEB00041D45 /* Object.cpp */,
				E04F700D17BBC94200041D45 /* Math3D_SSE2.cpp */,
				E04F700E17BBC94200041D45 /* Math3D_SSE2.h */,
				E04F700F17BBC94200041D45 /* Math3D.cpp */,
				E04F700317BBC84C00041D45 /* Scene.cpp */,
				E04F700417BBC84C00041D45 /* State.cpp */,
				E04F700517BBC84C00041D45 /* Timer.cpp */,
				E04F700617BBC84C00041D45 /* Utility.cpp */,
				E04F6FC817BBBFB100041D45 /* Application.cpp */,
				E04F6FC917BBBFB100041D45 /* cocoa */,
				E04F6FCD17BBBFB100041D45 /* Config.cpp */,
				E04F6FCE17BBBFB100041D45 /* Debug.cpp */,
				E04F6FCF17BBBFB100041D45 /* EString.cpp */,
				E04F6FD017BBBFB100041D45 /* ETime.cpp */,
				E04F6FD117BBBFB100041D45 /* Input.cpp */,
				E04F6FD717BBBFB100041D45 /* Screen.cpp */,
				E04F701D17BBD24000041D45 /* Memory.cpp */,
			);
			path = src;
			sourceTree = "<group>";
		};
		E04F6FC917BBBFB100041D45 /* cocoa */ = {
			isa = PBXGroup;
			children = (
				E04F6FCA17BBBFB100041D45 /* CocoaApp.mm */,
				E04F6FCB17BBBFB100041D45 /* CocoaInput.mm */,
				E04F6FCC17BBBFB100041D45 /* CocoaScreen.mm */,
			);
			path = cocoa;
			sourceTree = "<group>";
		};
		E053C06A17F1DF8500BDCE94 /* thread */ = {
			isa = PBXGroup;
			children = (
				E053C06B17F1DF8500BDCE94 /* Mutex.h */,
				E053C06C17F1DF8500BDCE94 /* MutexConf.h */,
				E053C06D17F1DF8500BDCE94 /* Thread.h */,
				E053C06E17F1DF8500BDCE94 /* ThreadConf.h */,
			);
			path = thread;
			sourceTree = "<group>";
		};
		E08570601806A8AE00BD4106 /* Fractals */ = {
			isa = PBXGroup;
			children = (
				E05CD05F186598220047F032 /* TFractal.h */,
				E0961FF61820FCB8007B773F /* GenericFractal.h */,
				E0B46556180FD057002909A2 /* Halley4Fractal.h */,
				E04A6B0E180E75AE00B5F2E2 /* Schroeder4Fractal.h */,
				E053C07417F1DFF300BDCE94 /* NewtonFractal.h */,
				E085705D1806A44700BD4106 /* HalleyFractal.h */,
				E085705F1806A89600BD4106 /* SchroederFractal.h */,
			);
			name = Fractals;
			sourceTree = "<group>";
		};
		E08918F417F96E460085A933 /* Image */ = {
			isa = PBXGroup;
			children = (
				E08918F517F96E460085A933 /* Image.h */,
				E08918F617F96E460085A933 /* Image.cpp */,
				E08918F717F96E460085A933 /* lodepng.cpp */,
				E08918F817F96E460085A933 /* lodepng.h */,
			);
			path = Image;
			sourceTree = "<group>";
		};
		E0B5D0041CAB32F5005ACA23 /* dependencies */ = {
			isa = PBXGroup;
			children = (
				E0B5D0061CAB32F5005ACA23 /* osx64 */,
			);
			path = dependencies;
			sourceTree = "<group>";
		};
		E0B5D0061CAB32F5005ACA23 /* osx64 */ = {
			isa = PBXGroup;
			children = (
				E0B5D0071CAB32F5005ACA23 /* include */,
				E0B5D0641CAB32F5005ACA23 /* lib */,
			);
			path = osx64;
			sourceTree = "<group>";
		};
		E0B5D0071CAB32F5005ACA23 /* include */ = {
			isa = PBXGroup;
			children = (
				E0B5D0081CAB32F5005ACA23 /* freetype */,
				E0B5D0631CAB32F5005ACA23 /* ft2build.h */,
			);
			path = include;
			sourceTree = "<group>";
		};
		E0B5D0081CAB32F5005ACA23 /* freetype */ = {
			isa = PBXGroup;
			children = (
				E0B5D0091CAB32F5005ACA23 /* config */,
				E0B5D00F1CAB32F5005ACA23 /* freetype.h */,
				E0B5D0101CAB32F5005ACA23 /* ftadvanc.h */,
				E0B5D0111CAB32F5005ACA23 /* ftautoh.h */,
				E0B5D0121CAB32F5005ACA23 /* ftbbox.h */,
				E0B5D0131CAB32F5005ACA23 /* ftbdf.h */,
				E0B5D0141CAB32F5005ACA23 /* ftbitmap.h */,
				E0B5D0151CAB32F5005ACA23 /* ftbzip2.h */,
				E0B5D0161CAB32F5005ACA23 /* ftcache.h */,
				E0B5D0171CAB32F5005ACA23 /* ftcffdrv.h */,
				E0B5D0181CAB32F5005ACA23 /* ftchapters.h */,
				E0B5D0191CAB32F5005ACA23 /* ftcid.h */,
				E0B5D01A1CAB32F5005ACA23 /* fterrdef.h */,
				E0B5D01B1CAB32F5005ACA23 /* fterrors.h */,
				E0B5D01C1CAB32F5005ACA23 /* ftgasp.h */,
				E0B5D01D1CAB32F5005ACA23 /* ftglyph.h */,
				E0B5D01E1CAB32F5005ACA23 /* ftgxval.h */,
				E0B5D01F1CAB32F5005ACA23 /* ftgzip.h */,
				E0B5D0201CAB32F5005ACA23 /* ftimage.h */,
				E0B5D0211CAB32F5005ACA23 /* ftincrem.h */,
				E0B5D0221CAB32F5005ACA23 /* ftlcdfil.h */,
				E0B5D0231CAB32F5005ACA23 /* ftlist.h */,
				E0B5D0241CAB32F5005ACA23 /* ftlzw.h */,
				E0B5D0251CAB32F5005ACA23 /* ftmac.h */,
				E0B5D0261CAB32F5005ACA23 /* ftmm.h */,
				E0B5D0271CAB32F5005ACA23 /* ftmodapi.h */,
				E0B5D0281CAB32F5005ACA23 /* ftmoderr.h */,
				E0B5D0291CAB32F5005ACA23 /* ftotval.h */,
				E0B5D02A1CAB32F5005ACA23 /* ftoutln.h */,
				E0B5D02B1CAB32F5005ACA23 /* ftpfr.h */,
				E0B5D02C1CAB32F5005ACA23 /* ftrender.h */,
				E0B5D02D1CAB32F5005ACA23 /* ftsizes.h */,
				E0B5D02E1CAB32F5005ACA23 /* ftsnames.h */,
				E0B5D02F1CAB32F5005ACA23 /* ftstroke.h */,
				E0B5D0301CAB32F5005ACA23 /* ftsynth.h */,
				E0B5D0311CAB32F5005ACA23 /* ftsystem.h */,
				E0B5D0321CAB32F5005ACA23 /* fttrigon.h */,
				E0B5D0331CAB32F5005ACA23 /* ftttdrv.h */,
				E0B5D0341CAB32F5005ACA23 /* fttypes.h */,
				E0B5D0351CAB32F5005ACA23 /* ftwinfnt.h */,
				E0B5D0361CAB32F5005ACA23 /* ftxf86.h */,
				E0B5D0371CAB32F5005ACA23 /* internal */,
				E0B5D05E1CAB32F5005ACA23 /* t1tables.h */,
				E0B5D05F1CAB32F5005ACA23 /* ttnameid.h */,
				E0B5D0601CAB32F5005ACA23 /* tttables.h */,
				E0B5D0611CAB32F5005ACA23 /* tttags.h */,
				E0B5D0621CAB32F5005ACA23 /* ttunpat.h */,
			);
			path = freetype;
			sourceTree = "<group>";
		};
		E0B5D0091CAB32F5005ACA23 /* config */ = {
			isa = PBXGroup;
			children = (
				E0B5D00A1CAB32F5005ACA23 /* ftconfig.h */,
				E0B5D00B1CAB32F5005ACA23 /* ftheader.h */,
				E0B5D00C1CAB32F5005ACA23 /* ftmodule.h */,
				E0B5D00D1CAB32F5005ACA23 /* ftoption.h */,
				E0B5D00E1CAB32F5005ACA23 /* ftstdlib.h */,
			);
			path = config;
			sourceTree = "<group>";
		};
		E0B5D0371CAB32F5005ACA23 /* internal */ = {
			isa = PBXGroup;
			children = (
				E0B5D0381CAB32F5005ACA23 /* autohint.h */,
				E0B5D0391CAB32F5005ACA23 /* ftcalc.h */,
				E0B5D03A1CAB32F5005ACA23 /* ftdebug.h */,
				E0B5D03B1CAB32F5005ACA23 /* ftdriver.h */,
				E0B5D03C1CAB32F5005ACA23 /* ftgloadr.h */,
				E0B5D03D1CAB32F5005ACA23 /* ftmemory.h */,
				E0B5D03E1CAB32F5005ACA23 /* ftobjs.h */,
				E0B5D03F1CAB32F5005ACA23 /* ftpic.h */,
				E0B5D0401CAB32F5005ACA23 /* ftrfork.h */,
				E0B5D0411CAB32F5005ACA23 /* ftserv.h */,
				E0B5D0421CAB32F5005ACA23 /* ftstream.h */,
				E0B5D0431CAB32F5005ACA23 /* fttrace.h */,
				E0B5D0441CAB32F5005ACA23 /* ftvalid.h */,
				E0B5D0451CAB32F5005ACA23 /* internal.h */,
				E0B5D0461CAB32F5005ACA23 /* psaux.h */,
				E0B5D0471CAB32F5005ACA23 /* pshints.h */,
				E0B5D0481CAB32F5005ACA23 /* services */,
				E0B5D05B1CAB32F5005ACA23 /* sfnt.h */,
				E0B5D05C1CAB32F5005ACA23 /* t1types.h */,
				E0B5D05D1CAB32F5005ACA23 /* tttypes.h */,
			);
			path = internal;
			sourceTree = "<group>";
		};
		E0B5D0481CAB32F5005ACA23 /* services */ = {
			isa = PBXGroup;
			children = (
				E0B5D0491CAB32F5005ACA23 /* svbdf.h */,
				E0B5D04A1CAB32F5005ACA23 /* svcid.h */,
				E0B5D04B1CAB32F5005ACA23 /* svgldict.h */,
				E0B5D04C1CAB32F5005ACA23 /* svgxval.h */,
				E0B5D04D1CAB32F5005ACA23 /* svkern.h */,
				E0B5D04E1CAB32F5005ACA23 /* svmm.h */,
				E0B5D04F1CAB32F5005ACA23 /* svotval.h */,
				E0B5D0501CAB32F5005ACA23 /* svpfr.h */,
				E0B5D0511CAB32F5005ACA23 /* svpostnm.h */,
				E0B5D0521CAB32F5005ACA23 /* svprop.h */,
				E0B5D0531CAB32F5005ACA23 /* svpscmap.h */,
				E0B5D0541CAB32F5005ACA23 /* svpsinfo.h */,
				E0B5D0551CAB32F5005ACA23 /* svsfnt.h */,
				E0B5D0561CAB32F5005ACA23 /* svttcmap.h */,
				E0B5D0571CAB32F5005ACA23 /* svtteng.h */,
				E0B5D0581CAB32F5005ACA23 /* svttglyf.h */,
				E0B5D0591CAB32F5005ACA23 /* svwinfnt.h */,
				E0B5D05A1CAB32F5005ACA23 /* svxf86nm.h */,
			);
			path = services;
			sourceTree = "<group>";
		};
		E0B5D0641CAB32F5005ACA23 /* lib */ = {
			isa = PBXGroup;
			children = (
				E0B5D12F1CAB3331005ACA23 /* libz.tbd */,
				E0B5D12D1CAB3324005ACA23 /* libbz2.tbd */,
				E0B5D0651CAB32F5005ACA23 /* libfreetype.a */,
			);
			path = lib;
			sourceTree = "<group>";
		};
		E0D777571844AB3800794BF9 /* RiemannAppSphere */ = {
			isa = PBXGroup;
			children = (
				E0D777601844AB3800794BF9 /* Credits.rtf */,
				E0D7775A1844AB3800794BF9 /* InfoPlist.strings */,
				E0D777591844AB3800794BF9 /* RiemannAppSphere-Info.plist */,
				E0D7776C1844AB3800794BF9 /* Images.xcassets */,
				E0D777691844AB3800794BF9 /* Riemann_Sphere.xcdatamodeld */,
				E0B5D1351CAB349D005ACA23 /* RiemannAppSphere-Prefix.pch */,
			);
			path = RiemannAppSphere;
			sourceTree = "<group>";
		};
		E0DCC1FC17BF9D8D0060E4CD /* RiemannSphere */ = {
			isa = PBXGroup;
			children = (
				E093579C1833C63F00AA7416 /* RiemannInterface.h */,
				E0939BCA1830CA730063351E /* GeodesicMesh.cpp */,
				E0939BCB1830CA730063351E /* GeodesicMesh.h */,
				E0EA4B691827C3D7004DB92E /* GridMesh.cpp */,
				E0EA4B6A1827C3D7004DB92E /* GridMesh.h */,
				E01FF8B51826BEC6007AF239 /* GeodesicNode.cpp */,
				E01FF8B61826BEC6007AF239 /* GeodesicNode.h */,
				E01FF8B71826BEC6007AF239 /* GeodesicTree.cpp */,
				E01FF8B81826BEC6007AF239 /* GeodesicTree.h */,
				E01FF8B91826BEC6007AF239 /* GeodesicTri.cpp */,
				E01FF8BA1826BEC6007AF239 /* GeodesicTri.h */,
				E01FF8B218263A5C007AF239 /* GeodesicSphere.cpp */,
				E01FF8B318263A5C007AF239 /* GeodesicSphere.h */,
				E01FF8AF182639EA007AF239 /* RiemannSceneGeodesic.cpp */,
				E01FF8B0182639EA007AF239 /* RiemannSceneGeodesic.h */,
				E04A6B0B180E746A00B5F2E2 /* DrawSymbols.cpp */,
				E04A6B0C180E746A00B5F2E2 /* DrawSymbols.h */,
				E0FA9AC8180AD13400D63274 /* PolynomialRoots */,
				E0FA9AC4180AD12700D63274 /* RiemannSceneGLSL.cpp */,
				E0FA9AC5180AD12700D63274 /* RiemannSceneGLSL.h */,
				E08570601806A8AE00BD4106 /* Fractals */,
				E08570581806991700BD4106 /* Fractal.h */,
				E08BDD72180197BD003AA295 /* Rays.cpp */,
				E08BDD73180197BD003AA295 /* Rays.h */,
				E00BDDCB17FADBF200EB1A39 /* VirtualTree.cpp */,
				E00BDDCC17FADBF200EB1A39 /* VirtualTree.h */,
				E087F8EB17F813E70093DF8B /* VirtualVBO.cpp */,
				E087F8EC17F813E70093DF8B /* VirtualVBO.h */,
				E053C07517F1DFF300BDCE94 /* Polynomial.cpp */,
				E053C07617F1DFF300BDCE94 /* Polynomial.h */,
				E053C07717F1DFF300BDCE94 /* PoolThread.cpp */,
				E053C07817F1DFF300BDCE94 /* PoolThread.h */,
				E01049AC17C3922700EF760D /* SpheresManager.cpp */,
				E01049AD17C3922700EF760D /* SpheresManager.h */,
				E00EF2C917C153650032B058 /* Sphere.cpp */,
				E00EF2CA17C153650032B058 /* Sphere.h */,
				E00EF2C617C153270032B058 /* SphereMesh.cpp */,
				E00EF2C717C153280032B058 /* SphereMesh.h */,
				E0DCC20117BFAC9B0060E4CD /* CameraManager.cpp */,
				E0DCC20217BFAC9B0060E4CD /* CameraManager.h */,
				E0DCC1FD17BF9D8D0060E4CD /* RiemannScene.cpp */,
				E0DCC1FE17BF9D8D0060E4CD /* RiemannScene.h */,
			);
			path = RiemannSphere;
			sourceTree = "<group>";
		};
		E0FA9AC8180AD13400D63274 /* PolynomialRoots */ = {
			isa = PBXGroup;
			children = (
				E0FA9AC3180AD12700D63274 /* PolynomialRoots.h */,
				E0FA9AC2180AD12700D63274 /* PolynomialRoots.cpp */,
			);
			name = PolynomialRoots;
			sourceTree = "<group>";
		};
/* End PBXGroup section */

/* Begin PBXNativeTarget section */
		E04F6F9417BBBF8700041D45 /* RiemannSphere */ = {
			isa = PBXNativeTarget;
			buildConfigurationList = E04F6F9E17BBBF8700041D45 /* Build configuration list for PBXNativeTarget "RiemannSphere" */;
			buildPhases = (
				E04F6F9117BBBF8700041D45 /* Sources */,
				E04F6F9217BBBF8700041D45 /* Frameworks */,
				E04F6F9317BBBF8700041D45 /* CopyFiles */,
			);
			buildRules = (
			);
			dependencies = (
			);
			name = RiemannSphere;
			productName = RiemannSphere;
			productReference = E04F6F9517BBBF8700041D45 /* RiemannSphere */;
			productType = "com.apple.product-type.tool";
		};
		E0D7774E1844AB3800794BF9 /* Riemann Sphere */ = {
			isa = PBXNativeTarget;
			buildConfigurationList = E0D777A61844AB3800794BF9 /* Build configuration list for PBXNativeTarget "Riemann Sphere" */;
			buildPhases = (
				E0D7774B1844AB3800794BF9 /* Sources */,
				E0D7774C1844AB3800794BF9 /* Frameworks */,
				E0D7774D1844AB3800794BF9 /* Resources */,
			);
			buildRules = (
			);
			dependencies = (
			);
			name = "Riemann Sphere";
			productName = "Riemann Sphere";
			productReference = E0D7774F1844AB3800794BF9 /* Riemann Sphere.app */;
			productType = "com.apple.product-type.application";
		};
/* End PBXNativeTarget section */

/* Begin PBXProject section */
		E04F6F8D17BBBF8700041D45 /* Project object */ = {
			isa = PBXProject;
			attributes = {
				LastUpgradeCheck = 0500;
				ORGANIZATIONNAME = "Gabriele Di Bari";
			};
			buildConfigurationList = E04F6F9017BBBF8700041D45 /* Build configuration list for PBXProject "RiemannSphere" */;
			compatibilityVersion = "Xcode 3.2";
			developmentRegion = English;
			hasScannedForEncodings = 0;
			knownRegions = (
				en,
				Base,
			);
			mainGroup = E04F6F8C17BBBF8700041D45;
			productRefGroup = E04F6F9617BBBF8700041D45 /* Products */;
			projectDirPath = "";
			projectRoot = "";
			targets = (
				E04F6F9417BBBF8700041D45 /* RiemannSphere */,
				E0D7774E1844AB3800794BF9 /* Riemann Sphere */,
			);
		};
/* End PBXProject section */

/* Begin PBXResourcesBuildPhase section */
		E0D7774D1844AB3800794BF9 /* Resources */ = {
			isa = PBXResourcesBuildPhase;
			buildActionMask = 2147483647;
			files = (
				E0D7775C1844AB3800794BF9 /* InfoPlist.strings in Resources */,
				E0D777DD1844AC9900794BF9 /* function.test.e2d in Resources */,
				E0A3A66F1844BAEA006059D8 /* assets in Resources */,
				E0D7780E1844AD6C00794BF9 /* RiemannAppSphere-Info.plist in Resources */,
				E0D778161844B57500794BF9 /* Riemann.iconset in Resources */,
				E0D7776D1844AB3800794BF9 /* Images.xcassets in Resources */,
				E0D777621844AB3800794BF9 /* Credits.rtf in Resources */,
			);
			runOnlyForDeploymentPostprocessing = 0;
		};
/* End PBXResourcesBuildPhase section */

/* Begin PBXSourcesBuildPhase section */
		E04F6F9117BBBF8700041D45 /* Sources */ = {
			isa = PBXSourcesBuildPhase;
			buildActionMask = 2147483647;
			files = (
				E089188C17F96C1F0085A933 /* Font.cpp in Sources */,
				E0FA9AC0180AD10200D63274 /* Shader.cpp in Sources */,
				E04F6FE617BBBFB100041D45 /* Application.cpp in Sources */,
				E04F6FE717BBBFB100041D45 /* CocoaApp.mm in Sources */,
				E01FF8BC1826BEC6007AF239 /* GeodesicTree.cpp in Sources */,
				E0939BCC1830CA730063351E /* GeodesicMesh.cpp in Sources */,
				E00BDDCD17FADBF200EB1A39 /* VirtualTree.cpp in Sources */,
				E01FF8B1182639EA007AF239 /* RiemannSceneGeodesic.cpp in Sources */,
				E089188B17F96C1F0085A933 /* BMFontLoader.cpp in Sources */,
				E04F6FE817BBBFB100041D45 /* CocoaInput.mm in Sources */,
				E099D71E184DD8F500E68709 /* RiemannColors.cpp in Sources */,
				E08BDD74180197BD003AA295 /* Rays.cpp in Sources */,
				E087F8ED17F813E70093DF8B /* VirtualVBO.cpp in Sources */,
				E04F6FE917BBBFB100041D45 /* CocoaScreen.mm in Sources */,
				E04F6FEA17BBBFB100041D45 /* Config.cpp in Sources */,
				E04F6FEB17BBBFB100041D45 /* Debug.cpp in Sources */,
				E08918F917F96E460085A933 /* lodepng.cpp in Sources */,
				E04F6FEC17BBBFB100041D45 /* EString.cpp in Sources */,
				E0EA4B6B1827C3D7004DB92E /* GridMesh.cpp in Sources */,
				E04F6FED17BBBFB100041D45 /* ETime.cpp in Sources */,
				E04F6FEE17BBBFB100041D45 /* Input.cpp in Sources */,
				E04F6FF317BBBFB100041D45 /* Screen.cpp in Sources */,
				E08918F317F96DEC0085A933 /* Texture.cpp in Sources */,
				E01FF8B418263A5C007AF239 /* GeodesicSphere.cpp in Sources */,
				E04F700717BBC84C00041D45 /* Scene.cpp in Sources */,
				E089188D17F96C1F0085A933 /* FreeTypeFontLoader.cpp in Sources */,
				E04F700817BBC84C00041D45 /* State.cpp in Sources */,
				E04F700917BBC84C00041D45 /* Timer.cpp in Sources */,
				E04F700A17BBC84C00041D45 /* Utility.cpp in Sources */,
				E03832FD18324E6000C70CF3 /* RiemannButton.cpp in Sources */,
				E093493D1835604600094BA5 /* RiemannScale9.cpp in Sources */,
				E04F701017BBC94200041D45 /* Math3D_SSE2.cpp in Sources */,
				E04F701117BBC94200041D45 /* Math3D.cpp in Sources */,
				E04F701B17BBD07700041D45 /* main.cpp in Sources */,
				E04F701E17BBD24000041D45 /* Memory.cpp in Sources */,
				E0EAECD11834EC6200B0C033 /* RiemannFormula.cpp in Sources */,
				E03832FF1832C4BD00C70CF3 /* Image.cpp in Sources */,
				E01FF8BB1826BEC6007AF239 /* GeodesicNode.cpp in Sources */,
				E04F702117BC2FEB00041D45 /* Object.cpp in Sources */,
				E04F702417BC346400041D45 /* Camera.cpp in Sources */,
				E08B1A3917BD4A0D00EB25FD /* Game.cpp in Sources */,
				E08B1A3E17BD4EA100EB25FD /* Render.cpp in Sources */,
				E03B15E5184B83D100393081 /* RiemannDialog.cpp in Sources */,
				E0FA9AC7180AD12700D63274 /* RiemannSceneGLSL.cpp in Sources */,
				E0DCC1FF17BF9D8D0060E4CD /* RiemannScene.cpp in Sources */,
				E0DCC20317BFAC9B0060E4CD /* CameraManager.cpp in Sources */,
				E00EF2C817C153280032B058 /* SphereMesh.cpp in Sources */,
				E03832FE18324E6000C70CF3 /* RiemannMenu.cpp in Sources */,
				E00EF2CB17C153650032B058 /* Sphere.cpp in Sources */,
				E0FA9AC6180AD12700D63274 /* PolynomialRoots.cpp in Sources */,
				E01049AE17C3922700EF760D /* SpheresManager.cpp in Sources */,
				E053C07117F1DFA300BDCE94 /* MutexPOSIX.cpp in Sources */,
				E04A6B0D180E746A00B5F2E2 /* DrawSymbols.cpp in Sources */,
				E053C07217F1DFA300BDCE94 /* ThreadPOSIX.cpp in Sources */,
				E01FF8BD1826BEC6007AF239 /* GeodesicTri.cpp in Sources */,
				E053C07A17F1DFF300BDCE94 /* Polynomial.cpp in Sources */,
				E053C07B17F1DFF300BDCE94 /* PoolThread.cpp in Sources */,
				E053C07D17F1E01600BDCE94 /* Table.cpp in Sources */,
			);
			runOnlyForDeploymentPostprocessing = 0;
		};
		E0D7774B1844AB3800794BF9 /* Sources */ = {
			isa = PBXSourcesBuildPhase;
			buildActionMask = 2147483647;
			files = (
				E0D777D81844AC8300794BF9 /* RiemannScene.cpp in Sources */,
				E0D777B91844ABB200794BF9 /* Utility.cpp in Sources */,
				E0D777AA1844ABB200794BF9 /* BMFontLoader.cpp in Sources */,
				E0D777BB1844ABB200794BF9 /* Config.cpp in Sources */,
				E0D777BA1844ABB200794BF9 /* Application.cpp in Sources */,
				E0D777AC1844ABB200794BF9 /* FreeTypeFontLoader.cpp in Sources */,
				E0D777D01844AC8300794BF9 /* VirtualTree.cpp in Sources */,
				E0D778111844B00800794BF9 /* PolynomialRoots.cpp in Sources */,
				E0D777DA1844AC9300794BF9 /* RiemannFormula.cpp in Sources */,
				E0D777D71844AC8300794BF9 /* CameraManager.cpp in Sources */,
				E0D777B21844ABB200794BF9 /* Camera.cpp in Sources */,
				E0D777CF1844AC8300794BF9 /* Rays.cpp in Sources */,
				E0D777BF1844ABB200794BF9 /* Input.cpp in Sources */,
				E0D777C31844ABB900794BF9 /* CocoaInput.mm in Sources */,
				E0D777C01844ABB200794BF9 /* Screen.cpp in Sources */,
				E0D777D41844AC8300794BF9 /* SpheresManager.cpp in Sources */,
				E0D777CA1844AC8300794BF9 /* GeodesicTri.cpp in Sources */,
				E0D777B81844ABB200794BF9 /* Timer.cpp in Sources */,
				E0D777A91844ABB200794BF9 /* Texture.cpp in Sources */,
				E0D777AE1844ABB200794BF9 /* MutexPOSIX.cpp in Sources */,
				E0D777B61844ABB200794BF9 /* Scene.cpp in Sources */,
				E0D777D11844AC8300794BF9 /* VirtualVBO.cpp in Sources */,
				E0D777C61844AC8300794BF9 /* GeodesicMesh.cpp in Sources */,
				E0D777DC1844AC9300794BF9 /* RiemannMenu.cpp in Sources */,
				E0D777B51844ABB200794BF9 /* Math3D.cpp in Sources */,
				E0D777C91844AC8300794BF9 /* GeodesicTree.cpp in Sources */,
				E0D777AF1844ABB200794BF9 /* ThreadPOSIX.cpp in Sources */,
				E0D777C71844AC8300794BF9 /* GridMesh.cpp in Sources */,
				E0D777B31844ABB200794BF9 /* Object.cpp in Sources */,
				E0D777B11844ABB200794BF9 /* Game.cpp in Sources */,
				E0D777D91844AC9300794BF9 /* RiemannScale9.cpp in Sources */,
				E0D777CD1844AC8300794BF9 /* DrawSymbols.cpp in Sources */,
				E0D778121844B01800794BF9 /* main.cpp in Sources */,
				E0D777DB1844AC9300794BF9 /* RiemannButton.cpp in Sources */,
				E099D71F184DDDD400E68709 /* RiemannColors.cpp in Sources */,
				E0D777D31844AC8300794BF9 /* PoolThread.cpp in Sources */,
				E0D7780F1844AFE000794BF9 /* Image.cpp in Sources */,
				E0D777C81844AC8300794BF9 /* GeodesicNode.cpp in Sources */,
				E0D777B01844ABB200794BF9 /* Render.cpp in Sources */,
				E0D777BC1844ABB200794BF9 /* Debug.cpp in Sources */,
				E0D778101844AFE000794BF9 /* lodepng.cpp in Sources */,
				E0D777BE1844ABB200794BF9 /* ETime.cpp in Sources */,
				E0D777C21844ABB900794BF9 /* CocoaApp.mm in Sources */,
				E03B15E6184B841600393081 /* RiemannDialog.cpp in Sources */,
				E0D777D51844AC8300794BF9 /* Sphere.cpp in Sources */,
				E0D777C11844ABB200794BF9 /* Memory.cpp in Sources */,
				E0D777A81844AB9100794BF9 /* Shader.cpp in Sources */,
				E0D777BD1844ABB200794BF9 /* EString.cpp in Sources */,
				E0D777CB1844AC8300794BF9 /* GeodesicSphere.cpp in Sources */,
				E0D777CC1844AC8300794BF9 /* RiemannSceneGeodesic.cpp in Sources */,
				E0D777B71844ABB200794BF9 /* State.cpp in Sources */,
				E0D777D21844AC8300794BF9 /* Polynomial.cpp in Sources */,
				E0D777CE1844AC8300794BF9 /* RiemannSceneGLSL.cpp in Sources */,
				E0D777D61844AC8300794BF9 /* SphereMesh.cpp in Sources */,
				E0D777C41844ABB900794BF9 /* CocoaScreen.mm in Sources */,
				E0D777AD1844ABB200794BF9 /* Table.cpp in Sources */,
				E0D777B41844ABB200794BF9 /* Math3D_SSE2.cpp in Sources */,
				E0D7776B1844AB3800794BF9 /* Riemann_Sphere.xcdatamodeld in Sources */,
				E0D777AB1844ABB200794BF9 /* Font.cpp in Sources */,
			);
			runOnlyForDeploymentPostprocessing = 0;
		};
/* End PBXSourcesBuildPhase section */

/* Begin PBXVariantGroup section */
		E0D7775A1844AB3800794BF9 /* InfoPlist.strings */ = {
			isa = PBXVariantGroup;
			children = (
				E0D7775B1844AB3800794BF9 /* en */,
			);
			name = InfoPlist.strings;
			sourceTree = "<group>";
		};
		E0D777601844AB3800794BF9 /* Credits.rtf */ = {
			isa = PBXVariantGroup;
			children = (
				E0D777611844AB3800794BF9 /* en */,
			);
			name = Credits.rtf;
			sourceTree = "<group>";
		};
/* End PBXVariantGroup section */

/* Begin XCBuildConfiguration section */
		E04F6F9C17BBBF8700041D45 /* Debug */ = {
			isa = XCBuildConfiguration;
			buildSettings = {
				ALWAYS_SEARCH_USER_PATHS = YES;
				CLANG_CXX_LANGUAGE_STANDARD = "gnu++0x";
				CLANG_CXX_LIBRARY = "libc++";
				CLANG_ENABLE_OBJC_ARC = NO;
				CLANG_WARN_BOOL_CONVERSION = NO;
				CLANG_WARN_CONSTANT_CONVERSION = YES;
				CLANG_WARN_EMPTY_BODY = YES;
				CLANG_WARN_ENUM_CONVERSION = YES;
				CLANG_WARN_INT_CONVERSION = YES;
				CLANG_WARN__DUPLICATE_METHOD_MATCH = YES;
				COPY_PHASE_STRIP = NO;
				GCC_C_LANGUAGE_STANDARD = gnu99;
				GCC_DYNAMIC_NO_PIC = NO;
				GCC_ENABLE_OBJC_EXCEPTIONS = YES;
				GCC_ENABLE_TRIGRAPHS = YES;
				GCC_OPTIMIZATION_LEVEL = 0;
				GCC_PREPROCESSOR_DEFINITIONS = (
					"DEBUG=1",
					"$(inherited)",
				);
				GCC_SYMBOLS_PRIVATE_EXTERN = NO;
				GCC_WARN_64_TO_32_BIT_CONVERSION = YES;
				GCC_WARN_ABOUT_RETURN_TYPE = YES;
				GCC_WARN_UNINITIALIZED_AUTOS = YES;
				GCC_WARN_UNUSED_VARIABLE = YES;
				HEADER_SEARCH_PATHS = (
					.,
					include/,
					include/cocoa/,
					include/thread/,
					RiemannSphere/,
					RiemannGui/,
					src/image/,
					"dependencies/osx64/include/**",
				);
				MACOSX_DEPLOYMENT_TARGET = 10.8;
				ONLY_ACTIVE_ARCH = YES;
				OTHER_CFLAGS = (
					"-DORDERED_TABLE",
					"-D_DEBUG",
				);
				OTHER_CPLUSPLUSFLAGS = "$(OTHER_CFLAGS)";
				SDKROOT = macosx;
				VALID_ARCHS = x86_64;
			};
			name = Debug;
		};
		E04F6F9D17BBBF8700041D45 /* Release */ = {
			isa = XCBuildConfiguration;
			buildSettings = {
				ALWAYS_SEARCH_USER_PATHS = YES;
				CLANG_CXX_LANGUAGE_STANDARD = "gnu++0x";
				CLANG_CXX_LIBRARY = "libc++";
				CLANG_ENABLE_OBJC_ARC = NO;
				CLANG_WARN_BOOL_CONVERSION = NO;
				CLANG_WARN_CONSTANT_CONVERSION = YES;
				CLANG_WARN_EMPTY_BODY = YES;
				CLANG_WARN_ENUM_CONVERSION = YES;
				CLANG_WARN_INT_CONVERSION = YES;
				CLANG_WARN__DUPLICATE_METHOD_MATCH = YES;
				COPY_PHASE_STRIP = YES;
				DEBUG_INFORMATION_FORMAT = "dwarf-with-dsym";
				GCC_C_LANGUAGE_STANDARD = gnu99;
				GCC_ENABLE_OBJC_EXCEPTIONS = YES;
				GCC_ENABLE_TRIGRAPHS = YES;
				GCC_OPTIMIZATION_LEVEL = 3;
				GCC_WARN_64_TO_32_BIT_CONVERSION = YES;
				GCC_WARN_ABOUT_RETURN_TYPE = YES;
				GCC_WARN_UNINITIALIZED_AUTOS = YES;
				GCC_WARN_UNUSED_VARIABLE = YES;
				HEADER_SEARCH_PATHS = (
					.,
					include/,
					include/cocoa/,
					include/thread/,
					RiemannSphere/,
					RiemannGui/,
					src/image/,
					"dependencies/osx64/include/**",
				);
				MACOSX_DEPLOYMENT_TARGET = 10.8;
				OTHER_CFLAGS = (
					"-DORDERED_TABLE",
					"-D_DEBUG",
					"-msse2",
					"-DENABLE_SIMD",
				);
				OTHER_CPLUSPLUSFLAGS = "$(OTHER_CFLAGS)";
				SDKROOT = macosx;
				VALID_ARCHS = x86_64;
			};
			name = Release;
		};
		E04F6F9F17BBBF8700041D45 /* Debug */ = {
			isa = XCBuildConfiguration;
			buildSettings = {
				LIBRARY_SEARCH_PATHS = (
					"$(inherited)",
					"dependencies-osx64/lib",
					"$(PROJECT_DIR)/dependencies/osx64/lib",
					"$(PROJECT_DIR)/dependencies/win32/lib",
				);
				PRODUCT_NAME = "$(TARGET_NAME)";
			};
			name = Debug;
		};
		E04F6FA017BBBF8700041D45 /* Release */ = {
			isa = XCBuildConfiguration;
			buildSettings = {
				GCC_OPTIMIZATION_LEVEL = 3;
				LIBRARY_SEARCH_PATHS = (
					"$(inherited)",
					"dependencies-osx64/lib",
					"$(PROJECT_DIR)/dependencies/osx64/lib",
					"$(PROJECT_DIR)/dependencies/win32/lib",
				);
				PRODUCT_NAME = "$(TARGET_NAME)";
			};
			name = Release;
		};
		E0D7779F1844AB3800794BF9 /* Debug */ = {
			isa = XCBuildConfiguration;
			buildSettings = {
				ALWAYS_SEARCH_USER_PATHS = NO;
				ASSETCATALOG_COMPILER_APPICON_NAME = AppIcon;
				CLANG_ENABLE_OBJC_ARC = NO;
				CLANG_WARN_BOOL_CONVERSION = NO;
				CLANG_WARN_DIRECT_OBJC_ISA_USAGE = YES_ERROR;
				CLANG_WARN_OBJC_ROOT_CLASS = YES_ERROR;
				COMBINE_HIDPI_IMAGES = YES;
				GCC_PRECOMPILE_PREFIX_HEADER = YES;
				GCC_PREFIX_HEADER = "RiemannAppSphere/RiemannAppSphere-Prefix.pch";
				GCC_WARN_ABOUT_RETURN_TYPE = YES_ERROR;
				GCC_WARN_UNDECLARED_SELECTOR = YES;
				GCC_WARN_UNUSED_FUNCTION = YES;
				INFOPLIST_FILE = "RiemannAppSphere/RiemannAppSphere-Info.plist";
				LIBRARY_SEARCH_PATHS = (
					"$(inherited)",
					"/Users/Gabriele/GitHub/RiemannSphere/dependencies-osx64/lib",
					"$(PROJECT_DIR)/dependencies/osx64/lib",
				);
				MACOSX_DEPLOYMENT_TARGET = 10.9;
				PRODUCT_NAME = "$(TARGET_NAME)";
				WRAPPER_EXTENSION = app;
			};
			name = Debug;
		};
		E0D777A01844AB3800794BF9 /* Release */ = {
			isa = XCBuildConfiguration;
			buildSettings = {
				ALWAYS_SEARCH_USER_PATHS = NO;
				ASSETCATALOG_COMPILER_APPICON_NAME = AppIcon;
				CLANG_ENABLE_OBJC_ARC = NO;
				CLANG_WARN_BOOL_CONVERSION = NO;
				CLANG_WARN_DIRECT_OBJC_ISA_USAGE = YES_ERROR;
				CLANG_WARN_OBJC_ROOT_CLASS = YES_ERROR;
				COMBINE_HIDPI_IMAGES = YES;
				ENABLE_NS_ASSERTIONS = YES;
				GCC_PRECOMPILE_PREFIX_HEADER = YES;
				GCC_PREFIX_HEADER = "RiemannAppSphere/RiemannAppSphere-Prefix.pch";
				GCC_WARN_ABOUT_RETURN_TYPE = YES_ERROR;
				GCC_WARN_UNDECLARED_SELECTOR = YES;
				GCC_WARN_UNUSED_FUNCTION = YES;
				INFOPLIST_FILE = "RiemannAppSphere/RiemannAppSphere-Info.plist";
				LIBRARY_SEARCH_PATHS = (
					"$(inherited)",
					"/Users/Gabriele/GitHub/RiemannSphere/dependencies-osx64/lib",
					"$(PROJECT_DIR)/dependencies/osx64/lib",
				);
				MACOSX_DEPLOYMENT_TARGET = 10.9;
				OTHER_CFLAGS = (
					"-DORDERED_TABLE",
					"-msse2",
					"-DENABLE_SIMD",
				);
				PRODUCT_NAME = "$(TARGET_NAME)";
				WRAPPER_EXTENSION = app;
			};
			name = Release;
		};
/* End XCBuildConfiguration section */

/* Begin XCConfigurationList section */
		E04F6F9017BBBF8700041D45 /* Build configuration list for PBXProject "RiemannSphere" */ = {
			isa = XCConfigurationList;
			buildConfigurations = (
				E04F6F9C17BBBF8700041D45 /* Debug */,
				E04F6F9D17BBBF8700041D45 /* Release */,
			);
			defaultConfigurationIsVisible = 0;
			defaultConfigurationName = Release;
		};
		E04F6F9E17BBBF8700041D45 /* Build configuration list for PBXNativeTarget "RiemannSphere" */ = {
			isa = XCConfigurationList;
			buildConfigurations = (
				E04F6F9F17BBBF8700041D45 /* Debug */,
				E04F6FA017BBBF8700041D45 /* Release */,
			);
			defaultConfigurationIsVisible = 0;
			defaultConfigurationName = Release;
		};
		E0D777A61844AB3800794BF9 /* Build configuration list for PBXNativeTarget "Riemann Sphere" */ = {
			isa = XCConfigurationList;
			buildConfigurations = (
				E0D7779F1844AB3800794BF9 /* Debug */,
				E0D777A01844AB3800794BF9 /* Release */,
			);
			defaultConfigurationIsVisible = 0;
			defaultConfigurationName = Release;
		};
/* End XCConfigurationList section */

/* Begin XCVersionGroup section */
		E0D777691844AB3800794BF9 /* Riemann_Sphere.xcdatamodeld */ = {
			isa = XCVersionGroup;
			children = (
				E0D7776A1844AB3800794BF9 /* Riemann_Sphere.xcdatamodel */,
			);
			currentVersion = E0D7776A1844AB3800794BF9 /* Riemann_Sphere.xcdatamodel */;
			path = Riemann_Sphere.xcdatamodeld;
			sourceTree = "<group>";
			versionGroupType = wrapper.xcdatamodel;
		};
/* End XCVersionGroup section */
	};
	rootObject = E04F6F8D17BBBF8700041D45 /* Project object */;
}
