// !$*UTF8*$!
{
	archiveVersion = 1;
	classes = {
	};
	objectVersion = 46;
	objects = {

/* Begin PBXBuildFile section */
		E00BDDCD17FADBF200EB1A39 /* VirtualOctree.cpp in Sources */ = {isa = PBXBuildFile; fileRef = E00BDDCB17FADBF200EB1A39 /* VirtualOctree.cpp */; };
		E00EF2C817C153280032B058 /* SphereMesh.cpp in Sources */ = {isa = PBXBuildFile; fileRef = E00EF2C617C153270032B058 /* SphereMesh.cpp */; };
		E00EF2CB17C153650032B058 /* Sphere.cpp in Sources */ = {isa = PBXBuildFile; fileRef = E00EF2C917C153650032B058 /* Sphere.cpp */; };
		E01049AE17C3922700EF760D /* SpheresManager.cpp in Sources */ = {isa = PBXBuildFile; fileRef = E01049AC17C3922700EF760D /* SpheresManager.cpp */; };
		E04F6FE617BBBFB100041D45 /* Application.cpp in Sources */ = {isa = PBXBuildFile; fileRef = E04F6FC817BBBFB100041D45 /* Application.cpp */; };
		E04F6FE717BBBFB100041D45 /* CocoaApp.mm in Sources */ = {isa = PBXBuildFile; fileRef = E04F6FCA17BBBFB100041D45 /* CocoaApp.mm */; };
		E04F6FE817BBBFB100041D45 /* CocoaInput.mm in Sources */ = {isa = PBXBuildFile; fileRef = E04F6FCB17BBBFB100041D45 /* CocoaInput.mm */; };
		E04F6FE917BBBFB100041D45 /* CocoaScreen.mm in Sources */ = {isa = PBXBuildFile; fileRef = E04F6FCC17BBBFB100041D45 /* CocoaScreen.mm */; };
		E04F6FEA17BBBFB100041D45 /* Config.cpp in Sources */ = {isa = PBXBuildFile; fileRef = E04F6FCD17BBBFB100041D45 /* Config.cpp */; };
		E04F6FEB17BBBFB100041D45 /* Debug.cpp in Sources */ = {isa = PBXBuildFile; fileRef = E04F6FCE17BBBFB100041D45 /* Debug.cpp */; };
		E04F6FEC17BBBFB100041D45 /* EString.cpp in Sources */ = {isa = PBXBuildFile; fileRef = E04F6FCF17BBBFB100041D45 /* EString.cpp */; };
		E04F6FED17BBBFB100041D45 /* ETime.cpp in Sources */ = {isa = PBXBuildFile; fileRef = E04F6FD017BBBFB100041D45 /* ETime.cpp */; };
		E04F6FEE17BBBFB100041D45 /* Input.cpp in Sources */ = {isa = PBXBuildFile; fileRef = E04F6FD117BBBFB100041D45 /* Input.cpp */; };
		E04F6FF317BBBFB100041D45 /* Screen.cpp in Sources */ = {isa = PBXBuildFile; fileRef = E04F6FD717BBBFB100041D45 /* Screen.cpp */; };
		E04F700717BBC84C00041D45 /* Scene.cpp in Sources */ = {isa = PBXBuildFile; fileRef = E04F700317BBC84C00041D45 /* Scene.cpp */; };
		E04F700817BBC84C00041D45 /* State.cpp in Sources */ = {isa = PBXBuildFile; fileRef = E04F700417BBC84C00041D45 /* State.cpp */; };
		E04F700917BBC84C00041D45 /* Timer.cpp in Sources */ = {isa = PBXBuildFile; fileRef = E04F700517BBC84C00041D45 /* Timer.cpp */; };
		E04F700A17BBC84C00041D45 /* Utility.cpp in Sources */ = {isa = PBXBuildFile; fileRef = E04F700617BBC84C00041D45 /* Utility.cpp */; };
		E04F701017BBC94200041D45 /* Math3D_SSE2.cpp in Sources */ = {isa = PBXBuildFile; fileRef = E04F700D17BBC94200041D45 /* Math3D_SSE2.cpp */; };
		E04F701117BBC94200041D45 /* Math3D.cpp in Sources */ = {isa = PBXBuildFile; fileRef = E04F700F17BBC94200041D45 /* Math3D.cpp */; };
		E04F701317BBC99E00041D45 /* Cocoa.framework in Frameworks */ = {isa = PBXBuildFile; fileRef = E04F701217BBC99E00041D45 /* Cocoa.framework */; };
		E04F701517BBC9A600041D45 /* OpenGL.framework in Frameworks */ = {isa = PBXBuildFile; fileRef = E04F701417BBC9A600041D45 /* OpenGL.framework */; };
		E04F701717BBCA4C00041D45 /* libz.dylib in Frameworks */ = {isa = PBXBuildFile; fileRef = E04F701617BBCA4C00041D45 /* libz.dylib */; };
		E04F701917BBCA5400041D45 /* libbz2.dylib in Frameworks */ = {isa = PBXBuildFile; fileRef = E04F701817BBCA5400041D45 /* libbz2.dylib */; };
		E04F701B17BBD07700041D45 /* main.cpp in Sources */ = {isa = PBXBuildFile; fileRef = E04F701A17BBD07700041D45 /* main.cpp */; };
		E04F701E17BBD24000041D45 /* Memory.cpp in Sources */ = {isa = PBXBuildFile; fileRef = E04F701D17BBD24000041D45 /* Memory.cpp */; };
		E04F702117BC2FEB00041D45 /* Object.cpp in Sources */ = {isa = PBXBuildFile; fileRef = E04F702017BC2FEB00041D45 /* Object.cpp */; };
		E04F702417BC346400041D45 /* Camera.cpp in Sources */ = {isa = PBXBuildFile; fileRef = E04F702317BC346400041D45 /* Camera.cpp */; };
		E053C07117F1DFA300BDCE94 /* MutexPOSIX.cpp in Sources */ = {isa = PBXBuildFile; fileRef = E053C06F17F1DFA300BDCE94 /* MutexPOSIX.cpp */; };
		E053C07217F1DFA300BDCE94 /* ThreadPOSIX.cpp in Sources */ = {isa = PBXBuildFile; fileRef = E053C07017F1DFA300BDCE94 /* ThreadPOSIX.cpp */; };
		E053C07A17F1DFF300BDCE94 /* Polynomial.cpp in Sources */ = {isa = PBXBuildFile; fileRef = E053C07517F1DFF300BDCE94 /* Polynomial.cpp */; };
		E053C07B17F1DFF300BDCE94 /* PoolThread.cpp in Sources */ = {isa = PBXBuildFile; fileRef = E053C07717F1DFF300BDCE94 /* PoolThread.cpp */; };
		E053C07D17F1E01600BDCE94 /* Table.cpp in Sources */ = {isa = PBXBuildFile; fileRef = E053C07C17F1E01600BDCE94 /* Table.cpp */; };
		E087F8ED17F813E70093DF8B /* VirtualVBO.cpp in Sources */ = {isa = PBXBuildFile; fileRef = E087F8EB17F813E70093DF8B /* VirtualVBO.cpp */; };
		E089188B17F96C1F0085A933 /* BMFontLoader.cpp in Sources */ = {isa = PBXBuildFile; fileRef = E089188817F96C1F0085A933 /* BMFontLoader.cpp */; };
		E089188C17F96C1F0085A933 /* Font.cpp in Sources */ = {isa = PBXBuildFile; fileRef = E089188917F96C1F0085A933 /* Font.cpp */; };
		E089188D17F96C1F0085A933 /* FreeTypeFontLoader.cpp in Sources */ = {isa = PBXBuildFile; fileRef = E089188A17F96C1F0085A933 /* FreeTypeFontLoader.cpp */; };
		E08918F017F96CA60085A933 /* libfreetype.a in Frameworks */ = {isa = PBXBuildFile; fileRef = E08918EF17F96CA60085A933 /* libfreetype.a */; };
		E08918F317F96DEC0085A933 /* Texture.cpp in Sources */ = {isa = PBXBuildFile; fileRef = E08918F217F96DEC0085A933 /* Texture.cpp */; };
		E08918F917F96E460085A933 /* lodepng.cpp in Sources */ = {isa = PBXBuildFile; fileRef = E08918F717F96E460085A933 /* lodepng.cpp */; };
		E08B1A3917BD4A0D00EB25FD /* Game.cpp in Sources */ = {isa = PBXBuildFile; fileRef = E08B1A3817BD4A0D00EB25FD /* Game.cpp */; };
		E08B1A3E17BD4EA100EB25FD /* Render.cpp in Sources */ = {isa = PBXBuildFile; fileRef = E08B1A3D17BD4EA100EB25FD /* Render.cpp */; };
		E08BDD74180197BD003AA295 /* Rays.cpp in Sources */ = {isa = PBXBuildFile; fileRef = E08BDD72180197BD003AA295 /* Rays.cpp */; };
		E0DCC1FF17BF9D8D0060E4CD /* RiemannScene.cpp in Sources */ = {isa = PBXBuildFile; fileRef = E0DCC1FD17BF9D8D0060E4CD /* RiemannScene.cpp */; };
		E0DCC20317BFAC9B0060E4CD /* CameraManager.cpp in Sources */ = {isa = PBXBuildFile; fileRef = E0DCC20117BFAC9B0060E4CD /* CameraManager.cpp */; };
		E0FA9AC0180AD10200D63274 /* Shader.cpp in Sources */ = {isa = PBXBuildFile; fileRef = E0FA9ABF180AD10200D63274 /* Shader.cpp */; };
		E0FA9AC6180AD12700D63274 /* PolynomialRoots.cpp in Sources */ = {isa = PBXBuildFile; fileRef = E0FA9AC2180AD12700D63274 /* PolynomialRoots.cpp */; };
		E0FA9AC7180AD12700D63274 /* RiemannSceneGLSL.cpp in Sources */ = {isa = PBXBuildFile; fileRef = E0FA9AC4180AD12700D63274 /* RiemannSceneGLSL.cpp */; };
/* End PBXBuildFile section */

/* Begin PBXCopyFilesBuildPhase section */
		E04F6F9317BBBF8700041D45 /* CopyFiles */ = {
			isa = PBXCopyFilesBuildPhase;
			buildActionMask = 2147483647;
			dstPath = /usr/share/man/man1/;
			dstSubfolderSpec = 0;
			files = (
			);
			runOnlyForDeploymentPostprocessing = 1;
		};
/* End PBXCopyFilesBuildPhase section */

/* Begin PBXFileReference section */
		E00BDDCB17FADBF200EB1A39 /* VirtualOctree.cpp */ = {isa = PBXFileReference; fileEncoding = 4; lastKnownFileType = sourcecode.cpp.cpp; path = VirtualOctree.cpp; sourceTree = "<group>"; };
		E00BDDCC17FADBF200EB1A39 /* VirtualOctree.h */ = {isa = PBXFileReference; fileEncoding = 4; lastKnownFileType = sourcecode.c.h; path = VirtualOctree.h; sourceTree = "<group>"; };
		E00EF2C617C153270032B058 /* SphereMesh.cpp */ = {isa = PBXFileReference; fileEncoding = 4; lastKnownFileType = sourcecode.cpp.cpp; path = SphereMesh.cpp; sourceTree = "<group>"; };
		E00EF2C717C153280032B058 /* SphereMesh.h */ = {isa = PBXFileReference; fileEncoding = 4; lastKnownFileType = sourcecode.c.h; path = SphereMesh.h; sourceTree = "<group>"; };
		E00EF2C917C153650032B058 /* Sphere.cpp */ = {isa = PBXFileReference; fileEncoding = 4; lastKnownFileType = sourcecode.cpp.cpp; path = Sphere.cpp; sourceTree = "<group>"; };
		E00EF2CA17C153650032B058 /* Sphere.h */ = {isa = PBXFileReference; fileEncoding = 4; lastKnownFileType = sourcecode.c.h; path = Sphere.h; sourceTree = "<group>"; };
		E01049AC17C3922700EF760D /* SpheresManager.cpp */ = {isa = PBXFileReference; fileEncoding = 4; lastKnownFileType = sourcecode.cpp.cpp; path = SpheresManager.cpp; sourceTree = "<group>"; };
		E01049AD17C3922700EF760D /* SpheresManager.h */ = {isa = PBXFileReference; fileEncoding = 4; lastKnownFileType = sourcecode.c.h; path = SpheresManager.h; sourceTree = "<group>"; };
		E04F6F9517BBBF8700041D45 /* RiemannSphere */ = {isa = PBXFileReference; explicitFileType = "compiled.mach-o.executable"; includeInIndex = 0; path = RiemannSphere; sourceTree = BUILT_PRODUCTS_DIR; };
		E04F6FA817BBBFB100041D45 /* Application.h */ = {isa = PBXFileReference; fileEncoding = 4; lastKnownFileType = sourcecode.c.h; path = Application.h; sourceTree = "<group>"; };
		E04F6FA917BBBFB100041D45 /* Blend.h */ = {isa = PBXFileReference; fileEncoding = 4; lastKnownFileType = sourcecode.c.h; path = Blend.h; sourceTree = "<group>"; };
		E04F6FAB17BBBFB100041D45 /* CocoaApp.h */ = {isa = PBXFileReference; fileEncoding = 4; lastKnownFileType = sourcecode.c.h; path = CocoaApp.h; sourceTree = "<group>"; };
		E04F6FAC17BBBFB100041D45 /* CocoaInput.h */ = {isa = PBXFileReference; fileEncoding = 4; lastKnownFileType = sourcecode.c.h; path = CocoaInput.h; sourceTree = "<group>"; };
		E04F6FAD17BBBFB100041D45 /* CocoaScreen.h */ = {isa = PBXFileReference; fileEncoding = 4; lastKnownFileType = sourcecode.c.h; path = CocoaScreen.h; sourceTree = "<group>"; };
		E04F6FAE17BBBFB100041D45 /* Color.h */ = {isa = PBXFileReference; fileEncoding = 4; lastKnownFileType = sourcecode.c.h; path = Color.h; sourceTree = "<group>"; };
		E04F6FAF17BBBFB100041D45 /* Config.h */ = {isa = PBXFileReference; fileEncoding = 4; lastKnownFileType = sourcecode.c.h; path = Config.h; sourceTree = "<group>"; };
		E04F6FB017BBBFB100041D45 /* Debug.h */ = {isa = PBXFileReference; fileEncoding = 4; lastKnownFileType = sourcecode.c.h; path = Debug.h; sourceTree = "<group>"; };
		E04F6FB117BBBFB100041D45 /* EString.h */ = {isa = PBXFileReference; fileEncoding = 4; lastKnownFileType = sourcecode.c.h; path = EString.h; sourceTree = "<group>"; };
		E04F6FB217BBBFB100041D45 /* ETime.h */ = {isa = PBXFileReference; fileEncoding = 4; lastKnownFileType = sourcecode.c.h; path = ETime.h; sourceTree = "<group>"; };
		E04F6FB317BBBFB100041D45 /* Input.h */ = {isa = PBXFileReference; fileEncoding = 4; lastKnownFileType = sourcecode.c.h; path = Input.h; sourceTree = "<group>"; };
		E04F6FB917BBBFB100041D45 /* Screen.h */ = {isa = PBXFileReference; fileEncoding = 4; lastKnownFileType = sourcecode.c.h; path = Screen.h; sourceTree = "<group>"; };
		E04F6FC817BBBFB100041D45 /* Application.cpp */ = {isa = PBXFileReference; fileEncoding = 4; lastKnownFileType = sourcecode.cpp.cpp; path = Application.cpp; sourceTree = "<group>"; };
		E04F6FCA17BBBFB100041D45 /* CocoaApp.mm */ = {isa = PBXFileReference; fileEncoding = 4; lastKnownFileType = sourcecode.cpp.objcpp; path = CocoaApp.mm; sourceTree = "<group>"; };
		E04F6FCB17BBBFB100041D45 /* CocoaInput.mm */ = {isa = PBXFileReference; fileEncoding = 4; lastKnownFileType = sourcecode.cpp.objcpp; path = CocoaInput.mm; sourceTree = "<group>"; };
		E04F6FCC17BBBFB100041D45 /* CocoaScreen.mm */ = {isa = PBXFileReference; fileEncoding = 4; lastKnownFileType = sourcecode.cpp.objcpp; path = CocoaScreen.mm; sourceTree = "<group>"; };
		E04F6FCD17BBBFB100041D45 /* Config.cpp */ = {isa = PBXFileReference; fileEncoding = 4; lastKnownFileType = sourcecode.cpp.cpp; path = Config.cpp; sourceTree = "<group>"; };
		E04F6FCE17BBBFB100041D45 /* Debug.cpp */ = {isa = PBXFileReference; fileEncoding = 4; lastKnownFileType = sourcecode.cpp.cpp; path = Debug.cpp; sourceTree = "<group>"; };
		E04F6FCF17BBBFB100041D45 /* EString.cpp */ = {isa = PBXFileReference; fileEncoding = 4; lastKnownFileType = sourcecode.cpp.cpp; path = EString.cpp; sourceTree = "<group>"; };
		E04F6FD017BBBFB100041D45 /* ETime.cpp */ = {isa = PBXFileReference; fileEncoding = 4; lastKnownFileType = sourcecode.cpp.cpp; path = ETime.cpp; sourceTree = "<group>"; };
		E04F6FD117BBBFB100041D45 /* Input.cpp */ = {isa = PBXFileReference; fileEncoding = 4; lastKnownFileType = sourcecode.cpp.cpp; path = Input.cpp; sourceTree = "<group>"; };
		E04F6FD717BBBFB100041D45 /* Screen.cpp */ = {isa = PBXFileReference; fileEncoding = 4; lastKnownFileType = sourcecode.cpp.cpp; path = Screen.cpp; sourceTree = "<group>"; };
		E04F6FFA17BBC06400041D45 /* stdafx.h */ = {isa = PBXFileReference; fileEncoding = 4; lastKnownFileType = sourcecode.c.h; path = stdafx.h; sourceTree = SOURCE_ROOT; };
		E04F6FFB17BBC0BA00041D45 /* Types.h */ = {isa = PBXFileReference; fileEncoding = 4; lastKnownFileType = sourcecode.c.h; path = Types.h; sourceTree = "<group>"; };
		E04F6FFE17BBC83600041D45 /* Game.h */ = {isa = PBXFileReference; fileEncoding = 4; lastKnownFileType = sourcecode.c.h; path = Game.h; sourceTree = "<group>"; };
		E04F6FFF17BBC83600041D45 /* Scene.h */ = {isa = PBXFileReference; fileEncoding = 4; lastKnownFileType = sourcecode.c.h; path = Scene.h; sourceTree = "<group>"; };
		E04F700017BBC83600041D45 /* State.h */ = {isa = PBXFileReference; fileEncoding = 4; lastKnownFileType = sourcecode.c.h; path = State.h; sourceTree = "<group>"; };
		E04F700117BBC83600041D45 /* Timer.h */ = {isa = PBXFileReference; fileEncoding = 4; lastKnownFileType = sourcecode.c.h; path = Timer.h; sourceTree = "<group>"; };
		E04F700217BBC83600041D45 /* Utility.h */ = {isa = PBXFileReference; fileEncoding = 4; lastKnownFileType = sourcecode.c.h; path = Utility.h; sourceTree = "<group>"; };
		E04F700317BBC84C00041D45 /* Scene.cpp */ = {isa = PBXFileReference; fileEncoding = 4; lastKnownFileType = sourcecode.cpp.cpp; path = Scene.cpp; sourceTree = "<group>"; };
		E04F700417BBC84C00041D45 /* State.cpp */ = {isa = PBXFileReference; fileEncoding = 4; lastKnownFileType = sourcecode.cpp.cpp; path = State.cpp; sourceTree = "<group>"; };
		E04F700517BBC84C00041D45 /* Timer.cpp */ = {isa = PBXFileReference; fileEncoding = 4; lastKnownFileType = sourcecode.cpp.cpp; path = Timer.cpp; sourceTree = "<group>"; };
		E04F700617BBC84C00041D45 /* Utility.cpp */ = {isa = PBXFileReference; fileEncoding = 4; lastKnownFileType = sourcecode.cpp.cpp; path = Utility.cpp; sourceTree = "<group>"; };
		E04F700B17BBC88700041D45 /* EStack.h */ = {isa = PBXFileReference; fileEncoding = 4; lastKnownFileType = sourcecode.c.h; path = EStack.h; sourceTree = "<group>"; };
		E04F700C17BBC93100041D45 /* Math3D.h */ = {isa = PBXFileReference; fileEncoding = 4; lastKnownFileType = sourcecode.c.h; path = Math3D.h; sourceTree = "<group>"; };
		E04F700D17BBC94200041D45 /* Math3D_SSE2.cpp */ = {isa = PBXFileReference; fileEncoding = 4; lastKnownFileType = sourcecode.cpp.cpp; path = Math3D_SSE2.cpp; sourceTree = "<group>"; };
		E04F700E17BBC94200041D45 /* Math3D_SSE2.h */ = {isa = PBXFileReference; fileEncoding = 4; lastKnownFileType = sourcecode.c.h; path = Math3D_SSE2.h; sourceTree = "<group>"; };
		E04F700F17BBC94200041D45 /* Math3D.cpp */ = {isa = PBXFileReference; fileEncoding = 4; lastKnownFileType = sourcecode.cpp.cpp; path = Math3D.cpp; sourceTree = "<group>"; };
		E04F701217BBC99E00041D45 /* Cocoa.framework */ = {isa = PBXFileReference; lastKnownFileType = wrapper.framework; name = Cocoa.framework; path = System/Library/Frameworks/Cocoa.framework; sourceTree = SDKROOT; };
		E04F701417BBC9A600041D45 /* OpenGL.framework */ = {isa = PBXFileReference; lastKnownFileType = wrapper.framework; name = OpenGL.framework; path = System/Library/Frameworks/OpenGL.framework; sourceTree = SDKROOT; };
		E04F701617BBCA4C00041D45 /* libz.dylib */ = {isa = PBXFileReference; lastKnownFileType = "compiled.mach-o.dylib"; name = libz.dylib; path = usr/lib/libz.dylib; sourceTree = SDKROOT; };
		E04F701817BBCA5400041D45 /* libbz2.dylib */ = {isa = PBXFileReference; lastKnownFileType = "compiled.mach-o.dylib"; name = libbz2.dylib; path = usr/lib/libbz2.dylib; sourceTree = SDKROOT; };
		E04F701A17BBD07700041D45 /* main.cpp */ = {isa = PBXFileReference; fileEncoding = 4; lastKnownFileType = sourcecode.cpp.cpp; path = main.cpp; sourceTree = "<group>"; };
		E04F701C17BBD1D900041D45 /* Memory.h */ = {isa = PBXFileReference; lastKnownFileType = sourcecode.c.h; path = Memory.h; sourceTree = "<group>"; };
		E04F701D17BBD24000041D45 /* Memory.cpp */ = {isa = PBXFileReference; fileEncoding = 4; lastKnownFileType = sourcecode.cpp.cpp; path = Memory.cpp; sourceTree = "<group>"; };
		E04F701F17BC2F8D00041D45 /* Object.h */ = {isa = PBXFileReference; fileEncoding = 4; lastKnownFileType = sourcecode.c.h; path = Object.h; sourceTree = "<group>"; };
		E04F702017BC2FEB00041D45 /* Object.cpp */ = {isa = PBXFileReference; fileEncoding = 4; lastKnownFileType = sourcecode.cpp.cpp; path = Object.cpp; sourceTree = "<group>"; };
		E04F702217BC341800041D45 /* Camera.h */ = {isa = PBXFileReference; fileEncoding = 4; lastKnownFileType = sourcecode.c.h; path = Camera.h; sourceTree = "<group>"; };
		E04F702317BC346400041D45 /* Camera.cpp */ = {isa = PBXFileReference; fileEncoding = 4; lastKnownFileType = sourcecode.cpp.cpp; path = Camera.cpp; sourceTree = "<group>"; };
		E053C06B17F1DF8500BDCE94 /* Mutex.h */ = {isa = PBXFileReference; fileEncoding = 4; lastKnownFileType = sourcecode.c.h; path = Mutex.h; sourceTree = "<group>"; };
		E053C06C17F1DF8500BDCE94 /* MutexConf.h */ = {isa = PBXFileReference; fileEncoding = 4; lastKnownFileType = sourcecode.c.h; path = MutexConf.h; sourceTree = "<group>"; };
		E053C06D17F1DF8500BDCE94 /* Thread.h */ = {isa = PBXFileReference; fileEncoding = 4; lastKnownFileType = sourcecode.c.h; path = Thread.h; sourceTree = "<group>"; };
		E053C06E17F1DF8500BDCE94 /* ThreadConf.h */ = {isa = PBXFileReference; fileEncoding = 4; lastKnownFileType = sourcecode.c.h; path = ThreadConf.h; sourceTree = "<group>"; };
		E053C06F17F1DFA300BDCE94 /* MutexPOSIX.cpp */ = {isa = PBXFileReference; fileEncoding = 4; lastKnownFileType = sourcecode.cpp.cpp; name = MutexPOSIX.cpp; path = thread/MutexPOSIX.cpp; sourceTree = "<group>"; };
		E053C07017F1DFA300BDCE94 /* ThreadPOSIX.cpp */ = {isa = PBXFileReference; fileEncoding = 4; lastKnownFileType = sourcecode.cpp.cpp; name = ThreadPOSIX.cpp; path = thread/ThreadPOSIX.cpp; sourceTree = "<group>"; };
		E053C07417F1DFF300BDCE94 /* NewtonFractal.h */ = {isa = PBXFileReference; fileEncoding = 4; lastKnownFileType = sourcecode.c.h; path = NewtonFractal.h; sourceTree = "<group>"; };
		E053C07517F1DFF300BDCE94 /* Polynomial.cpp */ = {isa = PBXFileReference; fileEncoding = 4; lastKnownFileType = sourcecode.cpp.cpp; path = Polynomial.cpp; sourceTree = "<group>"; };
		E053C07617F1DFF300BDCE94 /* Polynomial.h */ = {isa = PBXFileReference; fileEncoding = 4; lastKnownFileType = sourcecode.c.h; path = Polynomial.h; sourceTree = "<group>"; };
		E053C07717F1DFF300BDCE94 /* PoolThread.cpp */ = {isa = PBXFileReference; fileEncoding = 4; lastKnownFileType = sourcecode.cpp.cpp; path = PoolThread.cpp; sourceTree = "<group>"; };
		E053C07817F1DFF300BDCE94 /* PoolThread.h */ = {isa = PBXFileReference; fileEncoding = 4; lastKnownFileType = sourcecode.c.h; path = PoolThread.h; sourceTree = "<group>"; };
		E053C07C17F1E01600BDCE94 /* Table.cpp */ = {isa = PBXFileReference; fileEncoding = 4; lastKnownFileType = sourcecode.cpp.cpp; path = Table.cpp; sourceTree = "<group>"; };
		E053C07E17F1E01D00BDCE94 /* Table.h */ = {isa = PBXFileReference; fileEncoding = 4; lastKnownFileType = sourcecode.c.h; path = Table.h; sourceTree = "<group>"; };
		E08570581806991700BD4106 /* Fractal.h */ = {isa = PBXFileReference; fileEncoding = 4; lastKnownFileType = sourcecode.c.h; path = Fractal.h; sourceTree = "<group>"; };
		E085705D1806A44700BD4106 /* HalleyFractal.h */ = {isa = PBXFileReference; fileEncoding = 4; lastKnownFileType = sourcecode.c.h; path = HalleyFractal.h; sourceTree = "<group>"; };
		E085705F1806A89600BD4106 /* SchroederFractal.h */ = {isa = PBXFileReference; fileEncoding = 4; lastKnownFileType = sourcecode.c.h; path = SchroederFractal.h; sourceTree = "<group>"; };
		E087F8EB17F813E70093DF8B /* VirtualVBO.cpp */ = {isa = PBXFileReference; fileEncoding = 4; lastKnownFileType = sourcecode.cpp.cpp; path = VirtualVBO.cpp; sourceTree = "<group>"; };
		E087F8EC17F813E70093DF8B /* VirtualVBO.h */ = {isa = PBXFileReference; fileEncoding = 4; lastKnownFileType = sourcecode.c.h; path = VirtualVBO.h; sourceTree = "<group>"; };
		E089188817F96C1F0085A933 /* BMFontLoader.cpp */ = {isa = PBXFileReference; fileEncoding = 4; lastKnownFileType = sourcecode.cpp.cpp; path = BMFontLoader.cpp; sourceTree = "<group>"; };
		E089188917F96C1F0085A933 /* Font.cpp */ = {isa = PBXFileReference; fileEncoding = 4; lastKnownFileType = sourcecode.cpp.cpp; path = Font.cpp; sourceTree = "<group>"; };
		E089188A17F96C1F0085A933 /* FreeTypeFontLoader.cpp */ = {isa = PBXFileReference; fileEncoding = 4; lastKnownFileType = sourcecode.cpp.cpp; path = FreeTypeFontLoader.cpp; sourceTree = "<group>"; };
		E089188E17F96C2E0085A933 /* BMFontLoader.h */ = {isa = PBXFileReference; fileEncoding = 4; lastKnownFileType = sourcecode.c.h; path = BMFontLoader.h; sourceTree = "<group>"; };
		E089188F17F96C2E0085A933 /* Font.h */ = {isa = PBXFileReference; fileEncoding = 4; lastKnownFileType = sourcecode.c.h; path = Font.h; sourceTree = "<group>"; };
		E089189017F96C2E0085A933 /* FreeTypeFontLoader.h */ = {isa = PBXFileReference; fileEncoding = 4; lastKnownFileType = sourcecode.c.h; path = FreeTypeFontLoader.h; sourceTree = "<group>"; };
		E08918EF17F96CA60085A933 /* libfreetype.a */ = {isa = PBXFileReference; lastKnownFileType = archive.ar; path = libfreetype.a; sourceTree = "<group>"; };
		E08918F117F96DDA0085A933 /* Texture.h */ = {isa = PBXFileReference; fileEncoding = 4; lastKnownFileType = sourcecode.c.h; path = Texture.h; sourceTree = "<group>"; };
		E08918F217F96DEC0085A933 /* Texture.cpp */ = {isa = PBXFileReference; fileEncoding = 4; lastKnownFileType = sourcecode.cpp.cpp; path = Texture.cpp; sourceTree = "<group>"; };
		E08918F517F96E460085A933 /* Image.h */ = {isa = PBXFileReference; fileEncoding = 4; lastKnownFileType = sourcecode.c.h; path = Image.h; sourceTree = "<group>"; };
		E08918F617F96E460085A933 /* Image.inl */ = {isa = PBXFileReference; fileEncoding = 4; lastKnownFileType = text; path = Image.inl; sourceTree = "<group>"; };
		E08918F717F96E460085A933 /* lodepng.cpp */ = {isa = PBXFileReference; fileEncoding = 4; lastKnownFileType = sourcecode.cpp.cpp; path = lodepng.cpp; sourceTree = "<group>"; };
		E08918F817F96E460085A933 /* lodepng.h */ = {isa = PBXFileReference; fileEncoding = 4; lastKnownFileType = sourcecode.c.h; path = lodepng.h; sourceTree = "<group>"; };
		E08B1A3817BD4A0D00EB25FD /* Game.cpp */ = {isa = PBXFileReference; fileEncoding = 4; lastKnownFileType = sourcecode.cpp.cpp; path = Game.cpp; sourceTree = "<group>"; };
		E08B1A3C17BD4E8100EB25FD /* Render.h */ = {isa = PBXFileReference; fileEncoding = 4; lastKnownFileType = sourcecode.c.h; path = Render.h; sourceTree = "<group>"; };
		E08B1A3D17BD4EA100EB25FD /* Render.cpp */ = {isa = PBXFileReference; fileEncoding = 4; lastKnownFileType = sourcecode.cpp.cpp; path = Render.cpp; sourceTree = "<group>"; };
		E08BDD72180197BD003AA295 /* Rays.cpp */ = {isa = PBXFileReference; fileEncoding = 4; lastKnownFileType = sourcecode.cpp.cpp; path = Rays.cpp; sourceTree = "<group>"; };
		E08BDD73180197BD003AA295 /* Rays.h */ = {isa = PBXFileReference; fileEncoding = 4; lastKnownFileType = sourcecode.c.h; path = Rays.h; sourceTree = "<group>"; };
		E0DCC1FD17BF9D8D0060E4CD /* RiemannScene.cpp */ = {isa = PBXFileReference; fileEncoding = 4; lastKnownFileType = sourcecode.cpp.cpp; path = RiemannScene.cpp; sourceTree = "<group>"; };
		E0DCC1FE17BF9D8D0060E4CD /* RiemannScene.h */ = {isa = PBXFileReference; fileEncoding = 4; lastKnownFileType = sourcecode.c.h; path = RiemannScene.h; sourceTree = "<group>"; };
		E0DCC20017BF9DD10060E4CD /* Easy3D.h */ = {isa = PBXFileReference; lastKnownFileType = sourcecode.c.h; path = Easy3D.h; sourceTree = "<group>"; };
		E0DCC20117BFAC9B0060E4CD /* CameraManager.cpp */ = {isa = PBXFileReference; fileEncoding = 4; lastKnownFileType = sourcecode.cpp.cpp; path = CameraManager.cpp; sourceTree = "<group>"; };
		E0DCC20217BFAC9B0060E4CD /* CameraManager.h */ = {isa = PBXFileReference; fileEncoding = 4; lastKnownFileType = sourcecode.c.h; path = CameraManager.h; sourceTree = "<group>"; };
		E0FA9ABF180AD10200D63274 /* Shader.cpp */ = {isa = PBXFileReference; fileEncoding = 4; lastKnownFileType = sourcecode.cpp.cpp; path = Shader.cpp; sourceTree = "<group>"; };
		E0FA9AC1180AD10B00D63274 /* Shader.h */ = {isa = PBXFileReference; fileEncoding = 4; lastKnownFileType = sourcecode.c.h; path = Shader.h; sourceTree = "<group>"; };
		E0FA9AC2180AD12700D63274 /* PolynomialRoots.cpp */ = {isa = PBXFileReference; fileEncoding = 4; lastKnownFileType = sourcecode.cpp.cpp; path = PolynomialRoots.cpp; sourceTree = "<group>"; };
		E0FA9AC3180AD12700D63274 /* PolynomialRoots.h */ = {isa = PBXFileReference; fileEncoding = 4; lastKnownFileType = sourcecode.c.h; path = PolynomialRoots.h; sourceTree = "<group>"; };
		E0FA9AC4180AD12700D63274 /* RiemannSceneGLSL.cpp */ = {isa = PBXFileReference; fileEncoding = 4; lastKnownFileType = sourcecode.cpp.cpp; path = RiemannSceneGLSL.cpp; sourceTree = "<group>"; };
		E0FA9AC5180AD12700D63274 /* RiemannSceneGLSL.h */ = {isa = PBXFileReference; fileEncoding = 4; lastKnownFileType = sourcecode.c.h; path = RiemannSceneGLSL.h; sourceTree = "<group>"; };
/* End PBXFileReference section */

/* Begin PBXFrameworksBuildPhase section */
		E04F6F9217BBBF8700041D45 /* Frameworks */ = {
			isa = PBXFrameworksBuildPhase;
			buildActionMask = 2147483647;
			files = (
				E04F701917BBCA5400041D45 /* libbz2.dylib in Frameworks */,
				E04F701717BBCA4C00041D45 /* libz.dylib in Frameworks */,
				E08918F017F96CA60085A933 /* libfreetype.a in Frameworks */,
				E04F701517BBC9A600041D45 /* OpenGL.framework in Frameworks */,
				E04F701317BBC99E00041D45 /* Cocoa.framework in Frameworks */,
			);
			runOnlyForDeploymentPostprocessing = 0;
		};
/* End PBXFrameworksBuildPhase section */

/* Begin PBXGroup section */
		E04F6F8C17BBBF8700041D45 = {
			isa = PBXGroup;
			children = (
				E08918EE17F96CA60085A933 /* lib */,
				E0DCC20017BF9DD10060E4CD /* Easy3D.h */,
				E0DCC1FC17BF9D8D0060E4CD /* RiemannSphere */,
				E04F701A17BBD07700041D45 /* main.cpp */,
				E04F701817BBCA5400041D45 /* libbz2.dylib */,
				E04F701617BBCA4C00041D45 /* libz.dylib */,
				E04F701417BBC9A600041D45 /* OpenGL.framework */,
				E04F701217BBC99E00041D45 /* Cocoa.framework */,
				E04F6FFA17BBC06400041D45 /* stdafx.h */,
				E04F6FA117BBBFB100041D45 /* include */,
				E04F6FC017BBBFB100041D45 /* src */,
				E04F6F9617BBBF8700041D45 /* Products */,
			);
			sourceTree = "<group>";
		};
		E04F6F9617BBBF8700041D45 /* Products */ = {
			isa = PBXGroup;
			children = (
				E04F6F9517BBBF8700041D45 /* RiemannSphere */,
			);
			name = Products;
			sourceTree = "<group>";
		};
		E04F6FA117BBBFB100041D45 /* include */ = {
			isa = PBXGroup;
			children = (
				E0FA9AC1180AD10B00D63274 /* Shader.h */,
				E08918F117F96DDA0085A933 /* Texture.h */,
				E089188E17F96C2E0085A933 /* BMFontLoader.h */,
				E089188F17F96C2E0085A933 /* Font.h */,
				E089189017F96C2E0085A933 /* FreeTypeFontLoader.h */,
				E053C07E17F1E01D00BDCE94 /* Table.h */,
				E053C06A17F1DF8500BDCE94 /* thread */,
				E08B1A3C17BD4E8100EB25FD /* Render.h */,
				E04F702217BC341800041D45 /* Camera.h */,
				E04F701F17BC2F8D00041D45 /* Object.h */,
				E04F700C17BBC93100041D45 /* Math3D.h */,
				E04F700B17BBC88700041D45 /* EStack.h */,
				E04F6FFE17BBC83600041D45 /* Game.h */,
				E04F6FFF17BBC83600041D45 /* Scene.h */,
				E04F700017BBC83600041D45 /* State.h */,
				E04F700117BBC83600041D45 /* Timer.h */,
				E04F700217BBC83600041D45 /* Utility.h */,
				E04F6FFB17BBC0BA00041D45 /* Types.h */,
				E04F6FA817BBBFB100041D45 /* Application.h */,
				E04F6FA917BBBFB100041D45 /* Blend.h */,
				E04F6FAA17BBBFB100041D45 /* cocoa */,
				E04F6FAE17BBBFB100041D45 /* Color.h */,
				E04F6FAF17BBBFB100041D45 /* Config.h */,
				E04F6FB017BBBFB100041D45 /* Debug.h */,
				E04F6FB117BBBFB100041D45 /* EString.h */,
				E04F6FB217BBBFB100041D45 /* ETime.h */,
				E04F6FB317BBBFB100041D45 /* Input.h */,
				E04F6FB917BBBFB100041D45 /* Screen.h */,
				E04F701C17BBD1D900041D45 /* Memory.h */,
			);
			path = include;
			sourceTree = "<group>";
		};
		E04F6FAA17BBBFB100041D45 /* cocoa */ = {
			isa = PBXGroup;
			children = (
				E04F6FAB17BBBFB100041D45 /* CocoaApp.h */,
				E04F6FAC17BBBFB100041D45 /* CocoaInput.h */,
				E04F6FAD17BBBFB100041D45 /* CocoaScreen.h */,
			);
			path = cocoa;
			sourceTree = "<group>";
		};
		E04F6FC017BBBFB100041D45 /* src */ = {
			isa = PBXGroup;
			children = (
				E0FA9ABF180AD10200D63274 /* Shader.cpp */,
				E08918F417F96E460085A933 /* Image */,
				E08918F217F96DEC0085A933 /* Texture.cpp */,
				E089188817F96C1F0085A933 /* BMFontLoader.cpp */,
				E089188917F96C1F0085A933 /* Font.cpp */,
				E089188A17F96C1F0085A933 /* FreeTypeFontLoader.cpp */,
				E053C07C17F1E01600BDCE94 /* Table.cpp */,
				E053C06F17F1DFA300BDCE94 /* MutexPOSIX.cpp */,
				E053C07017F1DFA300BDCE94 /* ThreadPOSIX.cpp */,
				E08B1A3D17BD4EA100EB25FD /* Render.cpp */,
				E08B1A3817BD4A0D00EB25FD /* Game.cpp */,
				E04F702317BC346400041D45 /* Camera.cpp */,
				E04F702017BC2FEB00041D45 /* Object.cpp */,
				E04F700D17BBC94200041D45 /* Math3D_SSE2.cpp */,
				E04F700E17BBC94200041D45 /* Math3D_SSE2.h */,
				E04F700F17BBC94200041D45 /* Math3D.cpp */,
				E04F700317BBC84C00041D45 /* Scene.cpp */,
				E04F700417BBC84C00041D45 /* State.cpp */,
				E04F700517BBC84C00041D45 /* Timer.cpp */,
				E04F700617BBC84C00041D45 /* Utility.cpp */,
				E04F6FC817BBBFB100041D45 /* Application.cpp */,
				E04F6FC917BBBFB100041D45 /* cocoa */,
				E04F6FCD17BBBFB100041D45 /* Config.cpp */,
				E04F6FCE17BBBFB100041D45 /* Debug.cpp */,
				E04F6FCF17BBBFB100041D45 /* EString.cpp */,
				E04F6FD017BBBFB100041D45 /* ETime.cpp */,
				E04F6FD117BBBFB100041D45 /* Input.cpp */,
				E04F6FD717BBBFB100041D45 /* Screen.cpp */,
				E04F701D17BBD24000041D45 /* Memory.cpp */,
			);
			path = src;
			sourceTree = "<group>";
		};
		E04F6FC917BBBFB100041D45 /* cocoa */ = {
			isa = PBXGroup;
			children = (
				E04F6FCA17BBBFB100041D45 /* CocoaApp.mm */,
				E04F6FCB17BBBFB100041D45 /* CocoaInput.mm */,
				E04F6FCC17BBBFB100041D45 /* CocoaScreen.mm */,
			);
			path = cocoa;
			sourceTree = "<group>";
		};
		E053C06A17F1DF8500BDCE94 /* thread */ = {
			isa = PBXGroup;
			children = (
				E053C06B17F1DF8500BDCE94 /* Mutex.h */,
				E053C06C17F1DF8500BDCE94 /* MutexConf.h */,
				E053C06D17F1DF8500BDCE94 /* Thread.h */,
				E053C06E17F1DF8500BDCE94 /* ThreadConf.h */,
			);
			path = thread;
			sourceTree = "<group>";
		};
		E08570601806A8AE00BD4106 /* Fractals */ = {
			isa = PBXGroup;
			children = (
				E053C07417F1DFF300BDCE94 /* NewtonFractal.h */,
				E085705D1806A44700BD4106 /* HalleyFractal.h */,
				E085705F1806A89600BD4106 /* SchroederFractal.h */,
			);
			name = Fractals;
			sourceTree = "<group>";
		};
		E08918EE17F96CA60085A933 /* lib */ = {
			isa = PBXGroup;
			children = (
				E08918EF17F96CA60085A933 /* libfreetype.a */,
			);
			name = lib;
			path = "dependencies-osx64/lib";
			sourceTree = "<group>";
		};
		E08918F417F96E460085A933 /* Image */ = {
			isa = PBXGroup;
			children = (
				E08918F517F96E460085A933 /* Image.h */,
				E08918F617F96E460085A933 /* Image.inl */,
				E08918F717F96E460085A933 /* lodepng.cpp */,
				E08918F817F96E460085A933 /* lodepng.h */,
			);
			path = Image;
			sourceTree = "<group>";
		};
		E0DCC1FC17BF9D8D0060E4CD /* RiemannSphere */ = {
			isa = PBXGroup;
			children = (
				E0FA9AC8180AD13400D63274 /* PolynomialRoots */,
				E0FA9AC4180AD12700D63274 /* RiemannSceneGLSL.cpp */,
				E0FA9AC5180AD12700D63274 /* RiemannSceneGLSL.h */,
				E08570601806A8AE00BD4106 /* Fractals */,
				E08570581806991700BD4106 /* Fractal.h */,
				E08BDD72180197BD003AA295 /* Rays.cpp */,
				E08BDD73180197BD003AA295 /* Rays.h */,
				E00BDDCB17FADBF200EB1A39 /* VirtualOctree.cpp */,
				E00BDDCC17FADBF200EB1A39 /* VirtualOctree.h */,
				E087F8EB17F813E70093DF8B /* VirtualVBO.cpp */,
				E087F8EC17F813E70093DF8B /* VirtualVBO.h */,
				E053C07517F1DFF300BDCE94 /* Polynomial.cpp */,
				E053C07617F1DFF300BDCE94 /* Polynomial.h */,
				E053C07717F1DFF300BDCE94 /* PoolThread.cpp */,
				E053C07817F1DFF300BDCE94 /* PoolThread.h */,
				E01049AC17C3922700EF760D /* SpheresManager.cpp */,
				E01049AD17C3922700EF760D /* SpheresManager.h */,
				E00EF2C917C153650032B058 /* Sphere.cpp */,
				E00EF2CA17C153650032B058 /* Sphere.h */,
				E00EF2C617C153270032B058 /* SphereMesh.cpp */,
				E00EF2C717C153280032B058 /* SphereMesh.h */,
				E0DCC20117BFAC9B0060E4CD /* CameraManager.cpp */,
				E0DCC20217BFAC9B0060E4CD /* CameraManager.h */,
				E0DCC1FD17BF9D8D0060E4CD /* RiemannScene.cpp */,
				E0DCC1FE17BF9D8D0060E4CD /* RiemannScene.h */,
			);
			path = RiemannSphere;
			sourceTree = "<group>";
		};
		E0FA9AC8180AD13400D63274 /* PolynomialRoots */ = {
			isa = PBXGroup;
			children = (
				E0FA9AC3180AD12700D63274 /* PolynomialRoots.h */,
				E0FA9AC2180AD12700D63274 /* PolynomialRoots.cpp */,
			);
			name = PolynomialRoots;
			sourceTree = "<group>";
		};
/* End PBXGroup section */

/* Begin PBXNativeTarget section */
		E04F6F9417BBBF8700041D45 /* RiemannSphere */ = {
			isa = PBXNativeTarget;
			buildConfigurationList = E04F6F9E17BBBF8700041D45 /* Build configuration list for PBXNativeTarget "RiemannSphere" */;
			buildPhases = (
				E04F6F9117BBBF8700041D45 /* Sources */,
				E04F6F9217BBBF8700041D45 /* Frameworks */,
				E04F6F9317BBBF8700041D45 /* CopyFiles */,
			);
			buildRules = (
			);
			dependencies = (
			);
			name = RiemannSphere;
			productName = RiemannSphere;
			productReference = E04F6F9517BBBF8700041D45 /* RiemannSphere */;
			productType = "com.apple.product-type.tool";
		};
/* End PBXNativeTarget section */

/* Begin PBXProject section */
		E04F6F8D17BBBF8700041D45 /* Project object */ = {
			isa = PBXProject;
			attributes = {
				LastUpgradeCheck = 0460;
				ORGANIZATIONNAME = "Gabriele Di Bari";
			};
			buildConfigurationList = E04F6F9017BBBF8700041D45 /* Build configuration list for PBXProject "RiemannSphere" */;
			compatibilityVersion = "Xcode 3.2";
			developmentRegion = English;
			hasScannedForEncodings = 0;
			knownRegions = (
				en,
			);
			mainGroup = E04F6F8C17BBBF8700041D45;
			productRefGroup = E04F6F9617BBBF8700041D45 /* Products */;
			projectDirPath = "";
			projectRoot = "";
			targets = (
				E04F6F9417BBBF8700041D45 /* RiemannSphere */,
			);
		};
/* End PBXProject section */

/* Begin PBXSourcesBuildPhase section */
		E04F6F9117BBBF8700041D45 /* Sources */ = {
			isa = PBXSourcesBuildPhase;
			buildActionMask = 2147483647;
			files = (
				E089188C17F96C1F0085A933 /* Font.cpp in Sources */,
				E0FA9AC0180AD10200D63274 /* Shader.cpp in Sources */,
				E04F6FE617BBBFB100041D45 /* Application.cpp in Sources */,
				E04F6FE717BBBFB100041D45 /* CocoaApp.mm in Sources */,
				E00BDDCD17FADBF200EB1A39 /* VirtualOctree.cpp in Sources */,
				E089188B17F96C1F0085A933 /* BMFontLoader.cpp in Sources */,
				E04F6FE817BBBFB100041D45 /* CocoaInput.mm in Sources */,
				E08BDD74180197BD003AA295 /* Rays.cpp in Sources */,
				E087F8ED17F813E70093DF8B /* VirtualVBO.cpp in Sources */,
				E04F6FE917BBBFB100041D45 /* CocoaScreen.mm in Sources */,
				E04F6FEA17BBBFB100041D45 /* Config.cpp in Sources */,
				E04F6FEB17BBBFB100041D45 /* Debug.cpp in Sources */,
				E08918F917F96E460085A933 /* lodepng.cpp in Sources */,
				E04F6FEC17BBBFB100041D45 /* EString.cpp in Sources */,
				E04F6FED17BBBFB100041D45 /* ETime.cpp in Sources */,
				E04F6FEE17BBBFB100041D45 /* Input.cpp in Sources */,
				E04F6FF317BBBFB100041D45 /* Screen.cpp in Sources */,
				E08918F317F96DEC0085A933 /* Texture.cpp in Sources */,
				E04F700717BBC84C00041D45 /* Scene.cpp in Sources */,
				E089188D17F96C1F0085A933 /* FreeTypeFontLoader.cpp in Sources */,
				E04F700817BBC84C00041D45 /* State.cpp in Sources */,
				E04F700917BBC84C00041D45 /* Timer.cpp in Sources */,
				E04F700A17BBC84C00041D45 /* Utility.cpp in Sources */,
				E04F701017BBC94200041D45 /* Math3D_SSE2.cpp in Sources */,
				E04F701117BBC94200041D45 /* Math3D.cpp in Sources */,
				E04F701B17BBD07700041D45 /* main.cpp in Sources */,
				E04F701E17BBD24000041D45 /* Memory.cpp in Sources */,
				E04F702117BC2FEB00041D45 /* Object.cpp in Sources */,
				E04F702417BC346400041D45 /* Camera.cpp in Sources */,
				E08B1A3917BD4A0D00EB25FD /* Game.cpp in Sources */,
				E08B1A3E17BD4EA100EB25FD /* Render.cpp in Sources */,
				E0FA9AC7180AD12700D63274 /* RiemannSceneGLSL.cpp in Sources */,
				E0DCC1FF17BF9D8D0060E4CD /* RiemannScene.cpp in Sources */,
				E0DCC20317BFAC9B0060E4CD /* CameraManager.cpp in Sources */,
				E00EF2C817C153280032B058 /* SphereMesh.cpp in Sources */,
				E00EF2CB17C153650032B058 /* Sphere.cpp in Sources */,
				E0FA9AC6180AD12700D63274 /* PolynomialRoots.cpp in Sources */,
				E01049AE17C3922700EF760D /* SpheresManager.cpp in Sources */,
				E053C07117F1DFA300BDCE94 /* MutexPOSIX.cpp in Sources */,
				E053C07217F1DFA300BDCE94 /* ThreadPOSIX.cpp in Sources */,
				E053C07A17F1DFF300BDCE94 /* Polynomial.cpp in Sources */,
				E053C07B17F1DFF300BDCE94 /* PoolThread.cpp in Sources */,
				E053C07D17F1E01600BDCE94 /* Table.cpp in Sources */,
			);
			runOnlyForDeploymentPostprocessing = 0;
		};
/* End PBXSourcesBuildPhase section */

/* Begin XCBuildConfiguration section */
		E04F6F9C17BBBF8700041D45 /* Debug */ = {
			isa = XCBuildConfiguration;
			buildSettings = {
				ALWAYS_SEARCH_USER_PATHS = YES;
				ARCHS = "$(ARCHS_STANDARD_64_BIT)";
				CLANG_CXX_LANGUAGE_STANDARD = "gnu++0x";
				CLANG_CXX_LIBRARY = "libc++";
				CLANG_ENABLE_OBJC_ARC = NO;
				CLANG_WARN_CONSTANT_CONVERSION = YES;
				CLANG_WARN_EMPTY_BODY = YES;
				CLANG_WARN_ENUM_CONVERSION = YES;
				CLANG_WARN_INT_CONVERSION = YES;
				CLANG_WARN__DUPLICATE_METHOD_MATCH = YES;
				COPY_PHASE_STRIP = NO;
				GCC_C_LANGUAGE_STANDARD = gnu99;
				GCC_DYNAMIC_NO_PIC = NO;
				GCC_ENABLE_OBJC_EXCEPTIONS = YES;
				GCC_ENABLE_TRIGRAPHS = YES;
				GCC_OPTIMIZATION_LEVEL = 0;
				GCC_PREPROCESSOR_DEFINITIONS = (
					"DEBUG=1",
					"$(inherited)",
				);
				GCC_SYMBOLS_PRIVATE_EXTERN = NO;
				GCC_WARN_64_TO_32_BIT_CONVERSION = YES;
				GCC_WARN_ABOUT_RETURN_TYPE = YES;
				GCC_WARN_UNINITIALIZED_AUTOS = YES;
				GCC_WARN_UNUSED_VARIABLE = YES;
				HEADER_SEARCH_PATHS = (
					./,
					include/,
					include/cocoa/,
					include/thread,
					RiemannSphere/,
				);
				MACOSX_DEPLOYMENT_TARGET = 10.8;
				ONLY_ACTIVE_ARCH = YES;
				OTHER_CFLAGS = (
					"-DORDERED_TABLE",
					"-D_DEBUG",
				);
				OTHER_CPLUSPLUSFLAGS = "$(OTHER_CFLAGS)";
				SDKROOT = macosx;
				VALID_ARCHS = x86_64;
			};
			name = Debug;
		};
		E04F6F9D17BBBF8700041D45 /* Release */ = {
			isa = XCBuildConfiguration;
			buildSettings = {
				ALWAYS_SEARCH_USER_PATHS = YES;
				ARCHS = "$(ARCHS_STANDARD_64_BIT)";
				CLANG_CXX_LANGUAGE_STANDARD = "gnu++0x";
				CLANG_CXX_LIBRARY = "libc++";
				CLANG_ENABLE_OBJC_ARC = NO;
				CLANG_WARN_CONSTANT_CONVERSION = YES;
				CLANG_WARN_EMPTY_BODY = YES;
				CLANG_WARN_ENUM_CONVERSION = YES;
				CLANG_WARN_INT_CONVERSION = YES;
				CLANG_WARN__DUPLICATE_METHOD_MATCH = YES;
				COPY_PHASE_STRIP = YES;
				DEBUG_INFORMATION_FORMAT = "dwarf-with-dsym";
				GCC_C_LANGUAGE_STANDARD = gnu99;
				GCC_ENABLE_OBJC_EXCEPTIONS = YES;
				GCC_ENABLE_TRIGRAPHS = YES;
				GCC_WARN_64_TO_32_BIT_CONVERSION = YES;
				GCC_WARN_ABOUT_RETURN_TYPE = YES;
				GCC_WARN_UNINITIALIZED_AUTOS = YES;
				GCC_WARN_UNUSED_VARIABLE = YES;
				HEADER_SEARCH_PATHS = (
					./,
					include/,
					include/cocoa/,
					include/thread,
					RiemannSphere/,
				);
				MACOSX_DEPLOYMENT_TARGET = 10.8;
				OTHER_CFLAGS = (
					"-DORDERED_TABLE",
					"-D_DEBUG",
					"-msse2",
					"-DENABLE_SIMD",
				);
				OTHER_CPLUSPLUSFLAGS = "$(OTHER_CFLAGS)";
				SDKROOT = macosx;
				VALID_ARCHS = x86_64;
			};
			name = Release;
		};
		E04F6F9F17BBBF8700041D45 /* Debug */ = {
			isa = XCBuildConfiguration;
			buildSettings = {
				HEADER_SEARCH_PATHS = (
					./,
					include/,
					include/cocoa/,
					include/thread,
					RiemannSphere/,
					"dependencies-osx64/include",
				);
				LIBRARY_SEARCH_PATHS = (
					"$(inherited)",
					"dependencies-osx64/lib",
				);
				PRODUCT_NAME = "$(TARGET_NAME)";
			};
			name = Debug;
		};
		E04F6FA017BBBF8700041D45 /* Release */ = {
			isa = XCBuildConfiguration;
			buildSettings = {
				GCC_OPTIMIZATION_LEVEL = 3;
				HEADER_SEARCH_PATHS = (
					./,
					include/,
					include/cocoa/,
					include/thread,
					RiemannSphere/,
					"dependencies-osx64/include",
				);
				LIBRARY_SEARCH_PATHS = (
					"$(inherited)",
					"dependencies-osx64/lib",
				);
				PRODUCT_NAME = "$(TARGET_NAME)";
			};
			name = Release;
		};
/* End XCBuildConfiguration section */

/* Begin XCConfigurationList section */
		E04F6F9017BBBF8700041D45 /* Build configuration list for PBXProject "RiemannSphere" */ = {
			isa = XCConfigurationList;
			buildConfigurations = (
				E04F6F9C17BBBF8700041D45 /* Debug */,
				E04F6F9D17BBBF8700041D45 /* Release */,
			);
			defaultConfigurationIsVisible = 0;
			defaultConfigurationName = Release;
		};
		E04F6F9E17BBBF8700041D45 /* Build configuration list for PBXNativeTarget "RiemannSphere" */ = {
			isa = XCConfigurationList;
			buildConfigurations = (
				E04F6F9F17BBBF8700041D45 /* Debug */,
				E04F6FA017BBBF8700041D45 /* Release */,
			);
			defaultConfigurationIsVisible = 0;
			defaultConfigurationName = Release;
		};
/* End XCConfigurationList section */
	};
	rootObject = E04F6F8D17BBBF8700041D45 /* Project object */;
}
